// !$*UTF8*$!
{
	archiveVersion = 1;
	classes = {
	};
	objectVersion = 50;
	objects = {

/* Begin PBXBuildFile section */
		F9CF22732424C7E900572070 /* AppDelegate.swift in Sources */ = {isa = PBXBuildFile; fileRef = F9CF22722424C7E900572070 /* AppDelegate.swift */; };
		F9CF22752424C7E900572070 /* SceneDelegate.swift in Sources */ = {isa = PBXBuildFile; fileRef = F9CF22742424C7E900572070 /* SceneDelegate.swift */; };
		F9CF22772424C7E900572070 /* ContentView.swift in Sources */ = {isa = PBXBuildFile; fileRef = F9CF22762424C7E900572070 /* ContentView.swift */; };
		F9CF22792424C7EA00572070 /* Assets.xcassets in Resources */ = {isa = PBXBuildFile; fileRef = F9CF22782424C7EA00572070 /* Assets.xcassets */; };
		F9CF227C2424C7EA00572070 /* Preview Assets.xcassets in Resources */ = {isa = PBXBuildFile; fileRef = F9CF227B2424C7EA00572070 /* Preview Assets.xcassets */; };
		F9CF227F2424C7EA00572070 /* LaunchScreen.storyboard in Resources */ = {isa = PBXBuildFile; fileRef = F9CF227D2424C7EA00572070 /* LaunchScreen.storyboard */; };
		F9CF228A2424C7EA00572070 /* WorkPlaceTests.swift in Sources */ = {isa = PBXBuildFile; fileRef = F9CF22892424C7EA00572070 /* WorkPlaceTests.swift */; };
		F9CF22952424C7EA00572070 /* WorkPlaceUITests.swift in Sources */ = {isa = PBXBuildFile; fileRef = F9CF22942424C7EA00572070 /* WorkPlaceUITests.swift */; };
/* End PBXBuildFile section */

/* Begin PBXContainerItemProxy section */
		F9CF22862424C7EA00572070 /* PBXContainerItemProxy */ = {
			isa = PBXContainerItemProxy;
			containerPortal = F9CF22672424C7E900572070 /* Project object */;
			proxyType = 1;
			remoteGlobalIDString = F9CF226E2424C7E900572070;
			remoteInfo = WorkPlace;
		};
		F9CF22912424C7EA00572070 /* PBXContainerItemProxy */ = {
			isa = PBXContainerItemProxy;
			containerPortal = F9CF22672424C7E900572070 /* Project object */;
			proxyType = 1;
			remoteGlobalIDString = F9CF226E2424C7E900572070;
			remoteInfo = WorkPlace;
		};
/* End PBXContainerItemProxy section */

/* Begin PBXFileReference section */
		F9CF226F2424C7E900572070 /* WorkPlace.app */ = {isa = PBXFileReference; explicitFileType = wrapper.application; includeInIndex = 0; path = WorkPlace.app; sourceTree = BUILT_PRODUCTS_DIR; };
		F9CF22722424C7E900572070 /* AppDelegate.swift */ = {isa = PBXFileReference; lastKnownFileType = sourcecode.swift; path = AppDelegate.swift; sourceTree = "<group>"; };
		F9CF22742424C7E900572070 /* SceneDelegate.swift */ = {isa = PBXFileReference; lastKnownFileType = sourcecode.swift; path = SceneDelegate.swift; sourceTree = "<group>"; };
		F9CF22762424C7E900572070 /* ContentView.swift */ = {isa = PBXFileReference; lastKnownFileType = sourcecode.swift; path = ContentView.swift; sourceTree = "<group>"; };
		F9CF22782424C7EA00572070 /* Assets.xcassets */ = {isa = PBXFileReference; lastKnownFileType = folder.assetcatalog; path = Assets.xcassets; sourceTree = "<group>"; };
		F9CF227B2424C7EA00572070 /* Preview Assets.xcassets */ = {isa = PBXFileReference; lastKnownFileType = folder.assetcatalog; path = "Preview Assets.xcassets"; sourceTree = "<group>"; };
		F9CF227E2424C7EA00572070 /* Base */ = {isa = PBXFileReference; lastKnownFileType = file.storyboard; name = Base; path = Base.lproj/LaunchScreen.storyboard; sourceTree = "<group>"; };
		F9CF22802424C7EA00572070 /* Info.plist */ = {isa = PBXFileReference; lastKnownFileType = text.plist.xml; path = Info.plist; sourceTree = "<group>"; };
		F9CF22852424C7EA00572070 /* WorkPlaceTests.xctest */ = {isa = PBXFileReference; explicitFileType = wrapper.cfbundle; includeInIndex = 0; path = WorkPlaceTests.xctest; sourceTree = BUILT_PRODUCTS_DIR; };
		F9CF22892424C7EA00572070 /* WorkPlaceTests.swift */ = {isa = PBXFileReference; lastKnownFileType = sourcecode.swift; path = WorkPlaceTests.swift; sourceTree = "<group>"; };
		F9CF228B2424C7EA00572070 /* Info.plist */ = {isa = PBXFileReference; lastKnownFileType = text.plist.xml; path = Info.plist; sourceTree = "<group>"; };
		F9CF22902424C7EA00572070 /* WorkPlaceUITests.xctest */ = {isa = PBXFileReference; explicitFileType = wrapper.cfbundle; includeInIndex = 0; path = WorkPlaceUITests.xctest; sourceTree = BUILT_PRODUCTS_DIR; };
		F9CF22942424C7EA00572070 /* WorkPlaceUITests.swift */ = {isa = PBXFileReference; lastKnownFileType = sourcecode.swift; path = WorkPlaceUITests.swift; sourceTree = "<group>"; };
		F9CF22962424C7EA00572070 /* Info.plist */ = {isa = PBXFileReference; lastKnownFileType = text.plist.xml; path = Info.plist; sourceTree = "<group>"; };
/* End PBXFileReference section */

/* Begin PBXFrameworksBuildPhase section */
		F9CF226C2424C7E900572070 /* Frameworks */ = {
			isa = PBXFrameworksBuildPhase;
			buildActionMask = 2147483647;
			files = (
			);
			runOnlyForDeploymentPostprocessing = 0;
		};
		F9CF22822424C7EA00572070 /* Frameworks */ = {
			isa = PBXFrameworksBuildPhase;
			buildActionMask = 2147483647;
			files = (
			);
			runOnlyForDeploymentPostprocessing = 0;
		};
		F9CF228D2424C7EA00572070 /* Frameworks */ = {
			isa = PBXFrameworksBuildPhase;
			buildActionMask = 2147483647;
			files = (
			);
			runOnlyForDeploymentPostprocessing = 0;
		};
/* End PBXFrameworksBuildPhase section */

/* Begin PBXGroup section */
		F9CF22662424C7E900572070 = {
			isa = PBXGroup;
			children = (
				F9CF22712424C7E900572070 /* WorkPlace */,
				F9CF22882424C7EA00572070 /* WorkPlaceTests */,
				F9CF22932424C7EA00572070 /* WorkPlaceUITests */,
				F9CF22702424C7E900572070 /* Products */,
			);
			sourceTree = "<group>";
		};
		F9CF22702424C7E900572070 /* Products */ = {
			isa = PBXGroup;
			children = (
				F9CF226F2424C7E900572070 /* WorkPlace.app */,
				F9CF22852424C7EA00572070 /* WorkPlaceTests.xctest */,
				F9CF22902424C7EA00572070 /* WorkPlaceUITests.xctest */,
			);
			name = Products;
			sourceTree = "<group>";
		};
		F9CF22712424C7E900572070 /* WorkPlace */ = {
			isa = PBXGroup;
			children = (
				F9CF22722424C7E900572070 /* AppDelegate.swift */,
				F9CF22742424C7E900572070 /* SceneDelegate.swift */,
				F9CF22762424C7E900572070 /* ContentView.swift */,
				F9CF22782424C7EA00572070 /* Assets.xcassets */,
				F9CF227D2424C7EA00572070 /* LaunchScreen.storyboard */,
				F9CF22802424C7EA00572070 /* Info.plist */,
				F9CF227A2424C7EA00572070 /* Preview Content */,
			);
			path = WorkPlace;
			sourceTree = "<group>";
		};
		F9CF227A2424C7EA00572070 /* Preview Content */ = {
			isa = PBXGroup;
			children = (
				F9CF227B2424C7EA00572070 /* Preview Assets.xcassets */,
			);
			path = "Preview Content";
			sourceTree = "<group>";
		};
		F9CF22882424C7EA00572070 /* WorkPlaceTests */ = {
			isa = PBXGroup;
			children = (
				F9CF22892424C7EA00572070 /* WorkPlaceTests.swift */,
				F9CF228B2424C7EA00572070 /* Info.plist */,
			);
			path = WorkPlaceTests;
			sourceTree = "<group>";
		};
		F9CF22932424C7EA00572070 /* WorkPlaceUITests */ = {
			isa = PBXGroup;
			children = (
				F9CF22942424C7EA00572070 /* WorkPlaceUITests.swift */,
				F9CF22962424C7EA00572070 /* Info.plist */,
			);
			path = WorkPlaceUITests;
			sourceTree = "<group>";
		};
/* End PBXGroup section */

/* Begin PBXNativeTarget section */
		F9CF226E2424C7E900572070 /* WorkPlace */ = {
			isa = PBXNativeTarget;
			buildConfigurationList = F9CF22992424C7EA00572070 /* Build configuration list for PBXNativeTarget "WorkPlace" */;
			buildPhases = (
				F9CF226B2424C7E900572070 /* Sources */,
				F9CF226C2424C7E900572070 /* Frameworks */,
				F9CF226D2424C7E900572070 /* Resources */,
			);
			buildRules = (
			);
			dependencies = (
			);
			name = WorkPlace;
			productName = WorkPlace;
			productReference = F9CF226F2424C7E900572070 /* WorkPlace.app */;
			productType = "com.apple.product-type.application";
		};
		F9CF22842424C7EA00572070 /* WorkPlaceTests */ = {
			isa = PBXNativeTarget;
			buildConfigurationList = F9CF229C2424C7EA00572070 /* Build configuration list for PBXNativeTarget "WorkPlaceTests" */;
			buildPhases = (
				F9CF22812424C7EA00572070 /* Sources */,
				F9CF22822424C7EA00572070 /* Frameworks */,
				F9CF22832424C7EA00572070 /* Resources */,
			);
			buildRules = (
			);
			dependencies = (
				F9CF22872424C7EA00572070 /* PBXTargetDependency */,
			);
			name = WorkPlaceTests;
			productName = WorkPlaceTests;
			productReference = F9CF22852424C7EA00572070 /* WorkPlaceTests.xctest */;
			productType = "com.apple.product-type.bundle.unit-test";
		};
		F9CF228F2424C7EA00572070 /* WorkPlaceUITests */ = {
			isa = PBXNativeTarget;
			buildConfigurationList = F9CF229F2424C7EA00572070 /* Build configuration list for PBXNativeTarget "WorkPlaceUITests" */;
			buildPhases = (
				F9CF228C2424C7EA00572070 /* Sources */,
				F9CF228D2424C7EA00572070 /* Frameworks */,
				F9CF228E2424C7EA00572070 /* Resources */,
			);
			buildRules = (
			);
			dependencies = (
				F9CF22922424C7EA00572070 /* PBXTargetDependency */,
			);
			name = WorkPlaceUITests;
			productName = WorkPlaceUITests;
			productReference = F9CF22902424C7EA00572070 /* WorkPlaceUITests.xctest */;
			productType = "com.apple.product-type.bundle.ui-testing";
		};
/* End PBXNativeTarget section */

/* Begin PBXProject section */
		F9CF22672424C7E900572070 /* Project object */ = {
			isa = PBXProject;
			attributes = {
				LastSwiftUpdateCheck = 1110;
				LastUpgradeCheck = 1110;
				ORGANIZATIONNAME = "Hisashi Ishihara";
				TargetAttributes = {
					F9CF226E2424C7E900572070 = {
						CreatedOnToolsVersion = 11.1;
					};
					F9CF22842424C7EA00572070 = {
						CreatedOnToolsVersion = 11.1;
						TestTargetID = F9CF226E2424C7E900572070;
					};
					F9CF228F2424C7EA00572070 = {
						CreatedOnToolsVersion = 11.1;
						TestTargetID = F9CF226E2424C7E900572070;
					};
				};
			};
			buildConfigurationList = F9CF226A2424C7E900572070 /* Build configuration list for PBXProject "WorkPlace" */;
			compatibilityVersion = "Xcode 9.3";
			developmentRegion = en;
			hasScannedForEncodings = 0;
			knownRegions = (
				en,
				Base,
			);
			mainGroup = F9CF22662424C7E900572070;
			productRefGroup = F9CF22702424C7E900572070 /* Products */;
			projectDirPath = "";
			projectRoot = "";
			targets = (
				F9CF226E2424C7E900572070 /* WorkPlace */,
				F9CF22842424C7EA00572070 /* WorkPlaceTests */,
				F9CF228F2424C7EA00572070 /* WorkPlaceUITests */,
			);
		};
/* End PBXProject section */

/* Begin PBXResourcesBuildPhase section */
		F9CF226D2424C7E900572070 /* Resources */ = {
			isa = PBXResourcesBuildPhase;
			buildActionMask = 2147483647;
			files = (
				F9CF227F2424C7EA00572070 /* LaunchScreen.storyboard in Resources */,
				F9CF227C2424C7EA00572070 /* Preview Assets.xcassets in Resources */,
				F9CF22792424C7EA00572070 /* Assets.xcassets in Resources */,
			);
			runOnlyForDeploymentPostprocessing = 0;
		};
		F9CF22832424C7EA00572070 /* Resources */ = {
			isa = PBXResourcesBuildPhase;
			buildActionMask = 2147483647;
			files = (
			);
			runOnlyForDeploymentPostprocessing = 0;
		};
		F9CF228E2424C7EA00572070 /* Resources */ = {
			isa = PBXResourcesBuildPhase;
			buildActionMask = 2147483647;
			files = (
			);
			runOnlyForDeploymentPostprocessing = 0;
		};
/* End PBXResourcesBuildPhase section */

/* Begin PBXSourcesBuildPhase section */
		F9CF226B2424C7E900572070 /* Sources */ = {
			isa = PBXSourcesBuildPhase;
			buildActionMask = 2147483647;
			files = (
				F9CF22732424C7E900572070 /* AppDelegate.swift in Sources */,
				F9CF22752424C7E900572070 /* SceneDelegate.swift in Sources */,
				F9CF22772424C7E900572070 /* ContentView.swift in Sources */,
			);
			runOnlyForDeploymentPostprocessing = 0;
		};
		F9CF22812424C7EA00572070 /* Sources */ = {
			isa = PBXSourcesBuildPhase;
			buildActionMask = 2147483647;
			files = (
				F9CF228A2424C7EA00572070 /* WorkPlaceTests.swift in Sources */,
			);
			runOnlyForDeploymentPostprocessing = 0;
		};
		F9CF228C2424C7EA00572070 /* Sources */ = {
			isa = PBXSourcesBuildPhase;
			buildActionMask = 2147483647;
			files = (
				F9CF22952424C7EA00572070 /* WorkPlaceUITests.swift in Sources */,
			);
			runOnlyForDeploymentPostprocessing = 0;
		};
/* End PBXSourcesBuildPhase section */

/* Begin PBXTargetDependency section */
		F9CF22872424C7EA00572070 /* PBXTargetDependency */ = {
			isa = PBXTargetDependency;
			target = F9CF226E2424C7E900572070 /* WorkPlace */;
			targetProxy = F9CF22862424C7EA00572070 /* PBXContainerItemProxy */;
		};
		F9CF22922424C7EA00572070 /* PBXTargetDependency */ = {
			isa = PBXTargetDependency;
			target = F9CF226E2424C7E900572070 /* WorkPlace */;
			targetProxy = F9CF22912424C7EA00572070 /* PBXContainerItemProxy */;
		};
/* End PBXTargetDependency section */

/* Begin PBXVariantGroup section */
		F9CF227D2424C7EA00572070 /* LaunchScreen.storyboard */ = {
			isa = PBXVariantGroup;
			children = (
				F9CF227E2424C7EA00572070 /* Base */,
			);
			name = LaunchScreen.storyboard;
			sourceTree = "<group>";
		};
/* End PBXVariantGroup section */

/* Begin XCBuildConfiguration section */
		F9CF22972424C7EA00572070 /* Debug */ = {
			isa = XCBuildConfiguration;
			buildSettings = {
				ALWAYS_SEARCH_USER_PATHS = NO;
				CLANG_ANALYZER_NONNULL = YES;
				CLANG_ANALYZER_NUMBER_OBJECT_CONVERSION = YES_AGGRESSIVE;
				CLANG_CXX_LANGUAGE_STANDARD = "gnu++14";
				CLANG_CXX_LIBRARY = "libc++";
				CLANG_ENABLE_MODULES = YES;
				CLANG_ENABLE_OBJC_ARC = YES;
				CLANG_ENABLE_OBJC_WEAK = YES;
				CLANG_WARN_BLOCK_CAPTURE_AUTORELEASING = YES;
				CLANG_WARN_BOOL_CONVERSION = YES;
				CLANG_WARN_COMMA = YES;
				CLANG_WARN_CONSTANT_CONVERSION = YES;
				CLANG_WARN_DEPRECATED_OBJC_IMPLEMENTATIONS = YES;
				CLANG_WARN_DIRECT_OBJC_ISA_USAGE = YES_ERROR;
				CLANG_WARN_DOCUMENTATION_COMMENTS = YES;
				CLANG_WARN_EMPTY_BODY = YES;
				CLANG_WARN_ENUM_CONVERSION = YES;
				CLANG_WARN_INFINITE_RECURSION = YES;
				CLANG_WARN_INT_CONVERSION = YES;
				CLANG_WARN_NON_LITERAL_NULL_CONVERSION = YES;
				CLANG_WARN_OBJC_IMPLICIT_RETAIN_SELF = YES;
				CLANG_WARN_OBJC_LITERAL_CONVERSION = YES;
				CLANG_WARN_OBJC_ROOT_CLASS = YES_ERROR;
				CLANG_WARN_RANGE_LOOP_ANALYSIS = YES;
				CLANG_WARN_STRICT_PROTOTYPES = YES;
				CLANG_WARN_SUSPICIOUS_MOVE = YES;
				CLANG_WARN_UNGUARDED_AVAILABILITY = YES_AGGRESSIVE;
				CLANG_WARN_UNREACHABLE_CODE = YES;
				CLANG_WARN__DUPLICATE_METHOD_MATCH = YES;
				COPY_PHASE_STRIP = NO;
				DEBUG_INFORMATION_FORMAT = dwarf;
				ENABLE_STRICT_OBJC_MSGSEND = YES;
				ENABLE_TESTABILITY = YES;
				GCC_C_LANGUAGE_STANDARD = gnu11;
				GCC_DYNAMIC_NO_PIC = NO;
				GCC_NO_COMMON_BLOCKS = YES;
				GCC_OPTIMIZATION_LEVEL = 0;
				GCC_PREPROCESSOR_DEFINITIONS = (
					"DEBUG=1",
					"$(inherited)",
				);
				GCC_WARN_64_TO_32_BIT_CONVERSION = YES;
				GCC_WARN_ABOUT_RETURN_TYPE = YES_ERROR;
				GCC_WARN_UNDECLARED_SELECTOR = YES;
				GCC_WARN_UNINITIALIZED_AUTOS = YES_AGGRESSIVE;
				GCC_WARN_UNUSED_FUNCTION = YES;
				GCC_WARN_UNUSED_VARIABLE = YES;
				IPHONEOS_DEPLOYMENT_TARGET = 13.1;
				MTL_ENABLE_DEBUG_INFO = INCLUDE_SOURCE;
				MTL_FAST_MATH = YES;
				ONLY_ACTIVE_ARCH = YES;
				SDKROOT = iphoneos;
				SWIFT_ACTIVE_COMPILATION_CONDITIONS = DEBUG;
				SWIFT_OPTIMIZATION_LEVEL = "-Onone";
			};
			name = Debug;
		};
		F9CF22982424C7EA00572070 /* Release */ = {
			isa = XCBuildConfiguration;
			buildSettings = {
				ALWAYS_SEARCH_USER_PATHS = NO;
				CLANG_ANALYZER_NONNULL = YES;
				CLANG_ANALYZER_NUMBER_OBJECT_CONVERSION = YES_AGGRESSIVE;
				CLANG_CXX_LANGUAGE_STANDARD = "gnu++14";
				CLANG_CXX_LIBRARY = "libc++";
				CLANG_ENABLE_MODULES = YES;
				CLANG_ENABLE_OBJC_ARC = YES;
				CLANG_ENABLE_OBJC_WEAK = YES;
				CLANG_WARN_BLOCK_CAPTURE_AUTORELEASING = YES;
				CLANG_WARN_BOOL_CONVERSION = YES;
				CLANG_WARN_COMMA = YES;
				CLANG_WARN_CONSTANT_CONVERSION = YES;
				CLANG_WARN_DEPRECATED_OBJC_IMPLEMENTATIONS = YES;
				CLANG_WARN_DIRECT_OBJC_ISA_USAGE = YES_ERROR;
				CLANG_WARN_DOCUMENTATION_COMMENTS = YES;
				CLANG_WARN_EMPTY_BODY = YES;
				CLANG_WARN_ENUM_CONVERSION = YES;
				CLANG_WARN_INFINITE_RECURSION = YES;
				CLANG_WARN_INT_CONVERSION = YES;
				CLANG_WARN_NON_LITERAL_NULL_CONVERSION = YES;
				CLANG_WARN_OBJC_IMPLICIT_RETAIN_SELF = YES;
				CLANG_WARN_OBJC_LITERAL_CONVERSION = YES;
				CLANG_WARN_OBJC_ROOT_CLASS = YES_ERROR;
				CLANG_WARN_RANGE_LOOP_ANALYSIS = YES;
				CLANG_WARN_STRICT_PROTOTYPES = YES;
				CLANG_WARN_SUSPICIOUS_MOVE = YES;
				CLANG_WARN_UNGUARDED_AVAILABILITY = YES_AGGRESSIVE;
				CLANG_WARN_UNREACHABLE_CODE = YES;
				CLANG_WARN__DUPLICATE_METHOD_MATCH = YES;
				COPY_PHASE_STRIP = NO;
				DEBUG_INFORMATION_FORMAT = "dwarf-with-dsym";
				ENABLE_NS_ASSERTIONS = NO;
				ENABLE_STRICT_OBJC_MSGSEND = YES;
				GCC_C_LANGUAGE_STANDARD = gnu11;
				GCC_NO_COMMON_BLOCKS = YES;
				GCC_WARN_64_TO_32_BIT_CONVERSION = YES;
				GCC_WARN_ABOUT_RETURN_TYPE = YES_ERROR;
				GCC_WARN_UNDECLARED_SELECTOR = YES;
				GCC_WARN_UNINITIALIZED_AUTOS = YES_AGGRESSIVE;
				GCC_WARN_UNUSED_FUNCTION = YES;
				GCC_WARN_UNUSED_VARIABLE = YES;
				IPHONEOS_DEPLOYMENT_TARGET = 13.1;
				MTL_ENABLE_DEBUG_INFO = NO;
				MTL_FAST_MATH = YES;
				SDKROOT = iphoneos;
				SWIFT_COMPILATION_MODE = wholemodule;
				SWIFT_OPTIMIZATION_LEVEL = "-O";
				VALIDATE_PRODUCT = YES;
			};
			name = Release;
		};
		F9CF229A2424C7EA00572070 /* Debug */ = {
			isa = XCBuildConfiguration;
			buildSettings = {
				ASSETCATALOG_COMPILER_APPICON_NAME = AppIcon;
				CODE_SIGN_STYLE = Automatic;
				DEVELOPMENT_ASSET_PATHS = "\"WorkPlace/Preview Content\"";
				ENABLE_PREVIEWS = YES;
				INFOPLIST_FILE = WorkPlace/Info.plist;
				LD_RUNPATH_SEARCH_PATHS = (
					"$(inherited)",
					"@executable_path/Frameworks",
				);
				PRODUCT_BUNDLE_IDENTIFIER = com.ikingdom.WorkPlace;
				PRODUCT_NAME = "$(TARGET_NAME)";
				SWIFT_VERSION = 5.0;
				TARGETED_DEVICE_FAMILY = "1,2";
			};
			name = Debug;
		};
		F9CF229B2424C7EA00572070 /* Release */ = {
			isa = XCBuildConfiguration;
			buildSettings = {
				ASSETCATALOG_COMPILER_APPICON_NAME = AppIcon;
				CODE_SIGN_STYLE = Automatic;
				DEVELOPMENT_ASSET_PATHS = "\"WorkPlace/Preview Content\"";
				ENABLE_PREVIEWS = YES;
				INFOPLIST_FILE = WorkPlace/Info.plist;
				LD_RUNPATH_SEARCH_PATHS = (
					"$(inherited)",
					"@executable_path/Frameworks",
				);
				PRODUCT_BUNDLE_IDENTIFIER = com.ikingdom.WorkPlace;
				PRODUCT_NAME = "$(TARGET_NAME)";
				SWIFT_VERSION = 5.0;
				TARGETED_DEVICE_FAMILY = "1,2";
			};
			name = Release;
		};
		F9CF229D2424C7EA00572070 /* Debug */ = {
			isa = XCBuildConfiguration;
			buildSettings = {
				ALWAYS_EMBED_SWIFT_STANDARD_LIBRARIES = YES;
				BUNDLE_LOADER = "$(TEST_HOST)";
				CODE_SIGN_STYLE = Automatic;
				INFOPLIST_FILE = WorkPlaceTests/Info.plist;
				IPHONEOS_DEPLOYMENT_TARGET = 13.1;
				LD_RUNPATH_SEARCH_PATHS = (
					"$(inherited)",
					"@executable_path/Frameworks",
					"@loader_path/Frameworks",
				);
				PRODUCT_BUNDLE_IDENTIFIER = com.ikingdom.WorkPlaceTests;
				PRODUCT_NAME = "$(TARGET_NAME)";
				SWIFT_VERSION = 5.0;
				TARGETED_DEVICE_FAMILY = "1,2";
				TEST_HOST = "$(BUILT_PRODUCTS_DIR)/WorkPlace.app/WorkPlace";
			};
			name = Debug;
		};
		F9CF229E2424C7EA00572070 /* Release */ = {
			isa = XCBuildConfiguration;
			buildSettings = {
				ALWAYS_EMBED_SWIFT_STANDARD_LIBRARIES = YES;
				BUNDLE_LOADER = "$(TEST_HOST)";
				CODE_SIGN_STYLE = Automatic;
				INFOPLIST_FILE = WorkPlaceTests/Info.plist;
				IPHONEOS_DEPLOYMENT_TARGET = 13.1;
				LD_RUNPATH_SEARCH_PATHS = (
					"$(inherited)",
					"@executable_path/Frameworks",
					"@loader_path/Frameworks",
				);
				PRODUCT_BUNDLE_IDENTIFIER = com.ikingdom.WorkPlaceTests;
				PRODUCT_NAME = "$(TARGET_NAME)";
				SWIFT_VERSION = 5.0;
				TARGETED_DEVICE_FAMILY = "1,2";
				TEST_HOST = "$(BUILT_PRODUCTS_DIR)/WorkPlace.app/WorkPlace";
			};
			name = Release;
		};
		F9CF22A02424C7EA00572070 /* Debug */ = {
			isa = XCBuildConfiguration;
			buildSettings = {
				ALWAYS_EMBED_SWIFT_STANDARD_LIBRARIES = YES;
				CODE_SIGN_STYLE = Automatic;
				INFOPLIST_FILE = WorkPlaceUITests/Info.plist;
				LD_RUNPATH_SEARCH_PATHS = (
					"$(inherited)",
					"@executable_path/Frameworks",
					"@loader_path/Frameworks",
				);
				PRODUCT_BUNDLE_IDENTIFIER = com.ikingdom.WorkPlaceUITests;
				PRODUCT_NAME = "$(TARGET_NAME)";
				SWIFT_VERSION = 5.0;
				TARGETED_DEVICE_FAMILY = "1,2";
				TEST_TARGET_NAME = WorkPlace;
			};
			name = Debug;
		};
		F9CF22A12424C7EA00572070 /* Release */ = {
			isa = XCBuildConfiguration;
			buildSettings = {
				ALWAYS_EMBED_SWIFT_STANDARD_LIBRARIES = YES;
				CODE_SIGN_STYLE = Automatic;
				INFOPLIST_FILE = WorkPlaceUITests/Info.plist;
				LD_RUNPATH_SEARCH_PATHS = (
					"$(inherited)",
					"@executable_path/Frameworks",
					"@loader_path/Frameworks",
				);
				PRODUCT_BUNDLE_IDENTIFIER = com.ikingdom.WorkPlaceUITests;
				PRODUCT_NAME = "$(TARGET_NAME)";
				SWIFT_VERSION = 5.0;
				TARGETED_DEVICE_FAMILY = "1,2";
				TEST_TARGET_NAME = WorkPlace;
			};
			name = Release;
		};
/* End XCBuildConfiguration section */

/* Begin XCConfigurationList section */
		F9CF226A2424C7E900572070 /* Build configuration list for PBXProject "WorkPlace" */ = {
			isa = XCConfigurationList;
			buildConfigurations = (
				F9CF22972424C7EA00572070 /* Debug */,
				F9CF22982424C7EA00572070 /* Release */,
			);
			defaultConfigurationIsVisible = 0;
			defaultConfigurationName = Release;
		};
		F9CF22992424C7EA00572070 /* Build configuration list for PBXNativeTarget "WorkPlace" */ = {
			isa = XCConfigurationList;
			buildConfigurations = (
				F9CF229A2424C7EA00572070 /* Debug */,
				F9CF229B2424C7EA00572070 /* Release */,
			);
			defaultConfigurationIsVisible = 0;
			defaultConfigurationName = Release;
		};
		F9CF229C2424C7EA00572070 /* Build configuration list for PBXNativeTarget "WorkPlaceTests" */ = {
			isa = XCConfigurationList;
			buildConfigurations = (
				F9CF229D2424C7EA00572070 /* Debug */,
				F9CF229E2424C7EA00572070 /* Release */,
			);
			defaultConfigurationIsVisible = 0;
			defaultConfigurationName = Release;
		};
		F9CF229F2424C7EA00572070 /* Build configuration list for PBXNativeTarget "WorkPlaceUITests" */ = {
			isa = XCConfigurationList;
			buildConfigurations = (
				F9CF22A02424C7EA00572070 /* Debug */,
				F9CF22A12424C7EA00572070 /* Release */,
			);
			defaultConfigurationIsVisible = 0;
			defaultConfigurationName = Release;
		};
/* End XCConfigurationList section */
	};
	rootObject = F9CF22672424C7E900572070 /* Project object */;
}
