// !$*UTF8*$!
{
	archiveVersion = 1;
	classes = {
	};
	objectVersion = 51;
	objects = {

/* Begin PBXBuildFile section */
		522318B0EE4F539BA11D8AFE /* Pods_Accountant.framework in Frameworks */ = {isa = PBXBuildFile; fileRef = 47268BE9267E04BF5DFFF33F /* Pods_Accountant.framework */; };
		9BDB671CB0D8BBA854E16604 /* Pods_AccountantTests.framework in Frameworks */ = {isa = PBXBuildFile; fileRef = CBC6138EA740D75AAB1DD259 /* Pods_AccountantTests.framework */; };
		F57BFBC12EF00163D781E050 /* Pods_Accountant_AccountantUITests.framework in Frameworks */ = {isa = PBXBuildFile; fileRef = FF36BAF969D04BE9BB741A1D /* Pods_Accountant_AccountantUITests.framework */; };
		F90114142412A02F009DBE2F /* DataBaseJournalEntry.swift in Sources */ = {isa = PBXBuildFile; fileRef = F90114132412A02F009DBE2F /* DataBaseJournalEntry.swift */; };
		F9134C242476BC25002A0F77 /* TableViewControllerCategory.swift in Sources */ = {isa = PBXBuildFile; fileRef = F9134C232476BC25002A0F77 /* TableViewControllerCategory.swift */; };
		F9134C262476BCE6002A0F77 /* TableViewCellCategory.swift in Sources */ = {isa = PBXBuildFile; fileRef = F9134C252476BCE6002A0F77 /* TableViewCellCategory.swift */; };
		F929C00B247708CF0034FAAF /* MasterData.swift in Sources */ = {isa = PBXBuildFile; fileRef = F929C00A247708CF0034FAAF /* MasterData.swift */; };
		F929C01E247773B30034FAAF /* MasterData.realm in Resources */ = {isa = PBXBuildFile; fileRef = F929C01D247773B30034FAAF /* MasterData.realm */; };
		F929C020247773D40034FAAF /* MasterData.csv in Resources */ = {isa = PBXBuildFile; fileRef = F929C01F247773D40034FAAF /* MasterData.csv */; };
		F929C0232478361F0034FAAF /* DataBaseSettingsCategory.swift in Sources */ = {isa = PBXBuildFile; fileRef = F9134C292476E987002A0F77 /* DataBaseSettingsCategory.swift */; };
		F929C0242478361F0034FAAF /* DatabaseManagerSettingsCategory.swift in Sources */ = {isa = PBXBuildFile; fileRef = F9134C272476E8CF002A0F77 /* DatabaseManagerSettingsCategory.swift */; };
		F92EA9382428B18100B721C3 /* ViewControllerJournalEntry.swift in Sources */ = {isa = PBXBuildFile; fileRef = F92EA9372428B18100B721C3 /* ViewControllerJournalEntry.swift */; };
		F94EDD93237AEB3A0074D812 /* AppDelegate.swift in Sources */ = {isa = PBXBuildFile; fileRef = F94EDD92237AEB3A0074D812 /* AppDelegate.swift */; };
		F94EDD95237AEB3A0074D812 /* DocumentBrowserViewController.swift in Sources */ = {isa = PBXBuildFile; fileRef = F94EDD94237AEB3A0074D812 /* DocumentBrowserViewController.swift */; };
		F94EDD97237AEB3A0074D812 /* DocumentView.swift in Sources */ = {isa = PBXBuildFile; fileRef = F94EDD96237AEB3A0074D812 /* DocumentView.swift */; };
		F94EDD99237AEB3A0074D812 /* Document.swift in Sources */ = {isa = PBXBuildFile; fileRef = F94EDD98237AEB3A0074D812 /* Document.swift */; };
		F94EDD9C237AEB3A0074D812 /* Main.storyboard in Resources */ = {isa = PBXBuildFile; fileRef = F94EDD9A237AEB3A0074D812 /* Main.storyboard */; };
		F94EDD9E237AEB3B0074D812 /* Assets.xcassets in Resources */ = {isa = PBXBuildFile; fileRef = F94EDD9D237AEB3B0074D812 /* Assets.xcassets */; };
		F94EDDA1237AEB3B0074D812 /* LaunchScreen.storyboard in Resources */ = {isa = PBXBuildFile; fileRef = F94EDD9F237AEB3B0074D812 /* LaunchScreen.storyboard */; };
		F94EDDAC237AEB3C0074D812 /* AccountantTests.swift in Sources */ = {isa = PBXBuildFile; fileRef = F94EDDAB237AEB3C0074D812 /* AccountantTests.swift */; };
		F94EDDB7237AEB3C0074D812 /* AccountantUITests.swift in Sources */ = {isa = PBXBuildFile; fileRef = F94EDDB6237AEB3C0074D812 /* AccountantUITests.swift */; };
		F9789A342475C49B00B62CAF /* TableViewControllerSettings.swift in Sources */ = {isa = PBXBuildFile; fileRef = F9789A332475C49B00B62CAF /* TableViewControllerSettings.swift */; };
		F9789A362475CA8000B62CAF /* TableViewCellSettings.swift in Sources */ = {isa = PBXBuildFile; fileRef = F9789A352475CA8000B62CAF /* TableViewCellSettings.swift */; };
		F99EDE0D246C00B100334FF4 /* DataBaseManagerJournalEntry.swift in Sources */ = {isa = PBXBuildFile; fileRef = F99EDE0C246C00B100334FF4 /* DataBaseManagerJournalEntry.swift */; };
		F9B81D522430877B00F01630 /* ViewControllerCategory.swift in Sources */ = {isa = PBXBuildFile; fileRef = F9B81D512430877B00F01630 /* ViewControllerCategory.swift */; };
		F9BF067D24289DC700C59031 /* TableViewControllerGeneralLedger.swift in Sources */ = {isa = PBXBuildFile; fileRef = F9BF067C24289DC700C59031 /* TableViewControllerGeneralLedger.swift */; };
		F9CF22E52424F46500572070 /* TableViewControllerJournalEntry.swift in Sources */ = {isa = PBXBuildFile; fileRef = F9CF22E42424F46500572070 /* TableViewControllerJournalEntry.swift */; };
		F9CF22E72425016E00572070 /* TableViewCell.swift in Sources */ = {isa = PBXBuildFile; fileRef = F9CF22E62425016E00572070 /* TableViewCell.swift */; };
		F9D5D544247E2E7900EA35C7 /* TableViewCellGeneralLedgerAccount.swift in Sources */ = {isa = PBXBuildFile; fileRef = F9D5D543247E2E7900EA35C7 /* TableViewCellGeneralLedgerAccount.swift */; };
		F9D5D54A247E408C00EA35C7 /* ViewControllerGenearlLedgerAccount.swift in Sources */ = {isa = PBXBuildFile; fileRef = F9D5D549247E408C00EA35C7 /* ViewControllerGenearlLedgerAccount.swift */; };
		F9D5D54D247E48D600EA35C7 /* DataBaseManagerAccount.swift in Sources */ = {isa = PBXBuildFile; fileRef = F9D5D54C247E48D600EA35C7 /* DataBaseManagerAccount.swift */; };
		F9D5D54F247E783C00EA35C7 /* TableViewCellGeneralLedger.swift in Sources */ = {isa = PBXBuildFile; fileRef = F9D5D54E247E783C00EA35C7 /* TableViewCellGeneralLedger.swift */; };
		F9E53C24247F9E6B007C2F66 /* GeneralLedgerAccountBalance.swift in Sources */ = {isa = PBXBuildFile; fileRef = F9E53C23247F9E6B007C2F66 /* GeneralLedgerAccountBalance.swift */; };
		F9F934E12484C40400BF7AA7 /* DataBaseAccount.swift in Sources */ = {isa = PBXBuildFile; fileRef = F9F934E02484C40400BF7AA7 /* DataBaseAccount.swift */; };
		F9F934E32484D53100BF7AA7 /* DataBaseJournalEntryBook.swift in Sources */ = {isa = PBXBuildFile; fileRef = F9F934E22484D53100BF7AA7 /* DataBaseJournalEntryBook.swift */; };
		F9F934E52484D59900BF7AA7 /* DataBaseManagerJournalEntryBook.swift in Sources */ = {isa = PBXBuildFile; fileRef = F9F934E42484D59900BF7AA7 /* DataBaseManagerJournalEntryBook.swift */; };
		F9F934E72484E79100BF7AA7 /* DataBaseManagerGeneralLedger.swift in Sources */ = {isa = PBXBuildFile; fileRef = F9F934E62484E79100BF7AA7 /* DataBaseManagerGeneralLedger.swift */; };
		F9F934E92484E7BD00BF7AA7 /* DataBaseGeneralLedger.swift in Sources */ = {isa = PBXBuildFile; fileRef = F9F934E82484E7BD00BF7AA7 /* DataBaseGeneralLedger.swift */; };
		F9F934EC248554DA00BF7AA7 /* TableViewControllerSettingsTerm.swift in Sources */ = {isa = PBXBuildFile; fileRef = F9F934EB248554DA00BF7AA7 /* TableViewControllerSettingsTerm.swift */; };
		F9F934EF2485578900BF7AA7 /* Initial.swift in Sources */ = {isa = PBXBuildFile; fileRef = F9F934EE2485578900BF7AA7 /* Initial.swift */; };
		F9F934F82485EE3C00BF7AA7 /* DataBaseMainBooks.swift in Sources */ = {isa = PBXBuildFile; fileRef = F9F934F72485EE3C00BF7AA7 /* DataBaseMainBooks.swift */; };
		F9F934FA2485F21400BF7AA7 /* DataBaseManagerMainBooks.swift in Sources */ = {isa = PBXBuildFile; fileRef = F9F934F92485F21400BF7AA7 /* DataBaseManagerMainBooks.swift */; };
/* End PBXBuildFile section */

/* Begin PBXContainerItemProxy section */
		F94EDDA8237AEB3B0074D812 /* PBXContainerItemProxy */ = {
			isa = PBXContainerItemProxy;
			containerPortal = F94EDD87237AEB3A0074D812 /* Project object */;
			proxyType = 1;
			remoteGlobalIDString = F94EDD8E237AEB3A0074D812;
			remoteInfo = Accountant;
		};
		F94EDDB3237AEB3C0074D812 /* PBXContainerItemProxy */ = {
			isa = PBXContainerItemProxy;
			containerPortal = F94EDD87237AEB3A0074D812 /* Project object */;
			proxyType = 1;
			remoteGlobalIDString = F94EDD8E237AEB3A0074D812;
			remoteInfo = Accountant;
		};
/* End PBXContainerItemProxy section */

/* Begin PBXFileReference section */
		0607E6C6A3527AD59D0F557D /* Pods-Accountant.release.xcconfig */ = {isa = PBXFileReference; includeInIndex = 1; lastKnownFileType = text.xcconfig; name = "Pods-Accountant.release.xcconfig"; path = "Target Support Files/Pods-Accountant/Pods-Accountant.release.xcconfig"; sourceTree = "<group>"; };
		1F51C0A378B805DC283D9A49 /* Pods-Accountant-AccountantUITests.release.xcconfig */ = {isa = PBXFileReference; includeInIndex = 1; lastKnownFileType = text.xcconfig; name = "Pods-Accountant-AccountantUITests.release.xcconfig"; path = "Target Support Files/Pods-Accountant-AccountantUITests/Pods-Accountant-AccountantUITests.release.xcconfig"; sourceTree = "<group>"; };
		3947D5A43F0563FFA12C14FA /* Pods-AccountantTests.debug.xcconfig */ = {isa = PBXFileReference; includeInIndex = 1; lastKnownFileType = text.xcconfig; name = "Pods-AccountantTests.debug.xcconfig"; path = "Target Support Files/Pods-AccountantTests/Pods-AccountantTests.debug.xcconfig"; sourceTree = "<group>"; };
		47268BE9267E04BF5DFFF33F /* Pods_Accountant.framework */ = {isa = PBXFileReference; explicitFileType = wrapper.framework; includeInIndex = 0; path = Pods_Accountant.framework; sourceTree = BUILT_PRODUCTS_DIR; };
		83B54E7192BB1D0790175288 /* Pods-Accountant-AccountantUITests.debug.xcconfig */ = {isa = PBXFileReference; includeInIndex = 1; lastKnownFileType = text.xcconfig; name = "Pods-Accountant-AccountantUITests.debug.xcconfig"; path = "Target Support Files/Pods-Accountant-AccountantUITests/Pods-Accountant-AccountantUITests.debug.xcconfig"; sourceTree = "<group>"; };
		84DA037E2BAF912127067D70 /* Pods-Accountant.debug.xcconfig */ = {isa = PBXFileReference; includeInIndex = 1; lastKnownFileType = text.xcconfig; name = "Pods-Accountant.debug.xcconfig"; path = "Target Support Files/Pods-Accountant/Pods-Accountant.debug.xcconfig"; sourceTree = "<group>"; };
		CBC6138EA740D75AAB1DD259 /* Pods_AccountantTests.framework */ = {isa = PBXFileReference; explicitFileType = wrapper.framework; includeInIndex = 0; path = Pods_AccountantTests.framework; sourceTree = BUILT_PRODUCTS_DIR; };
		E4E5E538AD3BB3474BDA9AF2 /* Pods-AccountantTests.release.xcconfig */ = {isa = PBXFileReference; includeInIndex = 1; lastKnownFileType = text.xcconfig; name = "Pods-AccountantTests.release.xcconfig"; path = "Target Support Files/Pods-AccountantTests/Pods-AccountantTests.release.xcconfig"; sourceTree = "<group>"; };
		F90114132412A02F009DBE2F /* DataBaseJournalEntry.swift */ = {isa = PBXFileReference; lastKnownFileType = sourcecode.swift; path = DataBaseJournalEntry.swift; sourceTree = "<group>"; };
		F9134C232476BC25002A0F77 /* TableViewControllerCategory.swift */ = {isa = PBXFileReference; lastKnownFileType = sourcecode.swift; path = TableViewControllerCategory.swift; sourceTree = "<group>"; };
		F9134C252476BCE6002A0F77 /* TableViewCellCategory.swift */ = {isa = PBXFileReference; lastKnownFileType = sourcecode.swift; path = TableViewCellCategory.swift; sourceTree = "<group>"; };
		F9134C272476E8CF002A0F77 /* DatabaseManagerSettingsCategory.swift */ = {isa = PBXFileReference; lastKnownFileType = sourcecode.swift; path = DatabaseManagerSettingsCategory.swift; sourceTree = "<group>"; };
		F9134C292476E987002A0F77 /* DataBaseSettingsCategory.swift */ = {isa = PBXFileReference; lastKnownFileType = sourcecode.swift; path = DataBaseSettingsCategory.swift; sourceTree = "<group>"; };
		F929C00A247708CF0034FAAF /* MasterData.swift */ = {isa = PBXFileReference; lastKnownFileType = sourcecode.swift; path = MasterData.swift; sourceTree = "<group>"; };
		F929C01D247773B30034FAAF /* MasterData.realm */ = {isa = PBXFileReference; lastKnownFileType = file; path = MasterData.realm; sourceTree = "<group>"; };
		F929C01F247773D40034FAAF /* MasterData.csv */ = {isa = PBXFileReference; lastKnownFileType = text; path = MasterData.csv; sourceTree = "<group>"; };
		F92EA9372428B18100B721C3 /* ViewControllerJournalEntry.swift */ = {isa = PBXFileReference; lastKnownFileType = sourcecode.swift; path = ViewControllerJournalEntry.swift; sourceTree = "<group>"; };
		F94EDD8F237AEB3A0074D812 /* Accountant.app */ = {isa = PBXFileReference; explicitFileType = wrapper.application; includeInIndex = 0; path = Accountant.app; sourceTree = BUILT_PRODUCTS_DIR; };
		F94EDD92237AEB3A0074D812 /* AppDelegate.swift */ = {isa = PBXFileReference; lastKnownFileType = sourcecode.swift; path = AppDelegate.swift; sourceTree = "<group>"; };
		F94EDD94237AEB3A0074D812 /* DocumentBrowserViewController.swift */ = {isa = PBXFileReference; lastKnownFileType = sourcecode.swift; path = DocumentBrowserViewController.swift; sourceTree = "<group>"; };
		F94EDD96237AEB3A0074D812 /* DocumentView.swift */ = {isa = PBXFileReference; lastKnownFileType = sourcecode.swift; path = DocumentView.swift; sourceTree = "<group>"; };
		F94EDD98237AEB3A0074D812 /* Document.swift */ = {isa = PBXFileReference; lastKnownFileType = sourcecode.swift; path = Document.swift; sourceTree = "<group>"; };
		F94EDD9B237AEB3A0074D812 /* Base */ = {isa = PBXFileReference; lastKnownFileType = file.storyboard; name = Base; path = Base.lproj/Main.storyboard; sourceTree = "<group>"; };
		F94EDD9D237AEB3B0074D812 /* Assets.xcassets */ = {isa = PBXFileReference; lastKnownFileType = folder.assetcatalog; path = Assets.xcassets; sourceTree = "<group>"; };
		F94EDDA0237AEB3B0074D812 /* Base */ = {isa = PBXFileReference; lastKnownFileType = file.storyboard; name = Base; path = Base.lproj/LaunchScreen.storyboard; sourceTree = "<group>"; };
		F94EDDA2237AEB3B0074D812 /* Info.plist */ = {isa = PBXFileReference; lastKnownFileType = text.plist.xml; path = Info.plist; sourceTree = "<group>"; };
		F94EDDA7237AEB3B0074D812 /* AccountantTests.xctest */ = {isa = PBXFileReference; explicitFileType = wrapper.cfbundle; includeInIndex = 0; path = AccountantTests.xctest; sourceTree = BUILT_PRODUCTS_DIR; };
		F94EDDAB237AEB3C0074D812 /* AccountantTests.swift */ = {isa = PBXFileReference; lastKnownFileType = sourcecode.swift; path = AccountantTests.swift; sourceTree = "<group>"; };
		F94EDDAD237AEB3C0074D812 /* Info.plist */ = {isa = PBXFileReference; lastKnownFileType = text.plist.xml; path = Info.plist; sourceTree = "<group>"; };
		F94EDDB2237AEB3C0074D812 /* AccountantUITests.xctest */ = {isa = PBXFileReference; explicitFileType = wrapper.cfbundle; includeInIndex = 0; path = AccountantUITests.xctest; sourceTree = BUILT_PRODUCTS_DIR; };
		F94EDDB6237AEB3C0074D812 /* AccountantUITests.swift */ = {isa = PBXFileReference; lastKnownFileType = sourcecode.swift; path = AccountantUITests.swift; sourceTree = "<group>"; };
		F94EDDB8237AEB3C0074D812 /* Info.plist */ = {isa = PBXFileReference; lastKnownFileType = text.plist.xml; path = Info.plist; sourceTree = "<group>"; };
		F9789A332475C49B00B62CAF /* TableViewControllerSettings.swift */ = {isa = PBXFileReference; lastKnownFileType = sourcecode.swift; path = TableViewControllerSettings.swift; sourceTree = "<group>"; };
		F9789A352475CA8000B62CAF /* TableViewCellSettings.swift */ = {isa = PBXFileReference; lastKnownFileType = sourcecode.swift; path = TableViewCellSettings.swift; sourceTree = "<group>"; };
		F99EDE0C246C00B100334FF4 /* DataBaseManagerJournalEntry.swift */ = {isa = PBXFileReference; lastKnownFileType = sourcecode.swift; path = DataBaseManagerJournalEntry.swift; sourceTree = "<group>"; };
		F9B81D512430877B00F01630 /* ViewControllerCategory.swift */ = {isa = PBXFileReference; lastKnownFileType = sourcecode.swift; path = ViewControllerCategory.swift; sourceTree = "<group>"; };
		F9BF067C24289DC700C59031 /* TableViewControllerGeneralLedger.swift */ = {isa = PBXFileReference; lastKnownFileType = sourcecode.swift; path = TableViewControllerGeneralLedger.swift; sourceTree = "<group>"; };
		F9CF22E42424F46500572070 /* TableViewControllerJournalEntry.swift */ = {isa = PBXFileReference; lastKnownFileType = sourcecode.swift; path = TableViewControllerJournalEntry.swift; sourceTree = "<group>"; };
		F9CF22E62425016E00572070 /* TableViewCell.swift */ = {isa = PBXFileReference; lastKnownFileType = sourcecode.swift; path = TableViewCell.swift; sourceTree = "<group>"; };
		F9D5D543247E2E7900EA35C7 /* TableViewCellGeneralLedgerAccount.swift */ = {isa = PBXFileReference; lastKnownFileType = sourcecode.swift; path = TableViewCellGeneralLedgerAccount.swift; sourceTree = "<group>"; };
		F9D5D549247E408C00EA35C7 /* ViewControllerGenearlLedgerAccount.swift */ = {isa = PBXFileReference; lastKnownFileType = sourcecode.swift; path = ViewControllerGenearlLedgerAccount.swift; sourceTree = "<group>"; };
		F9D5D54C247E48D600EA35C7 /* DataBaseManagerAccount.swift */ = {isa = PBXFileReference; lastKnownFileType = sourcecode.swift; path = DataBaseManagerAccount.swift; sourceTree = "<group>"; };
		F9D5D54E247E783C00EA35C7 /* TableViewCellGeneralLedger.swift */ = {isa = PBXFileReference; lastKnownFileType = sourcecode.swift; path = TableViewCellGeneralLedger.swift; sourceTree = "<group>"; };
		F9E53C23247F9E6B007C2F66 /* GeneralLedgerAccountBalance.swift */ = {isa = PBXFileReference; lastKnownFileType = sourcecode.swift; path = GeneralLedgerAccountBalance.swift; sourceTree = "<group>"; };
		F9F934E02484C40400BF7AA7 /* DataBaseAccount.swift */ = {isa = PBXFileReference; lastKnownFileType = sourcecode.swift; path = DataBaseAccount.swift; sourceTree = "<group>"; };
		F9F934E22484D53100BF7AA7 /* DataBaseJournalEntryBook.swift */ = {isa = PBXFileReference; lastKnownFileType = sourcecode.swift; path = DataBaseJournalEntryBook.swift; sourceTree = "<group>"; };
		F9F934E42484D59900BF7AA7 /* DataBaseManagerJournalEntryBook.swift */ = {isa = PBXFileReference; lastKnownFileType = sourcecode.swift; path = DataBaseManagerJournalEntryBook.swift; sourceTree = "<group>"; };
		F9F934E62484E79100BF7AA7 /* DataBaseManagerGeneralLedger.swift */ = {isa = PBXFileReference; lastKnownFileType = sourcecode.swift; path = DataBaseManagerGeneralLedger.swift; sourceTree = "<group>"; };
		F9F934E82484E7BD00BF7AA7 /* DataBaseGeneralLedger.swift */ = {isa = PBXFileReference; lastKnownFileType = sourcecode.swift; path = DataBaseGeneralLedger.swift; sourceTree = "<group>"; };
		F9F934EB248554DA00BF7AA7 /* TableViewControllerSettingsTerm.swift */ = {isa = PBXFileReference; lastKnownFileType = sourcecode.swift; path = TableViewControllerSettingsTerm.swift; sourceTree = "<group>"; };
		F9F934EE2485578900BF7AA7 /* Initial.swift */ = {isa = PBXFileReference; lastKnownFileType = sourcecode.swift; path = Initial.swift; sourceTree = "<group>"; };
		F9F934F72485EE3C00BF7AA7 /* DataBaseMainBooks.swift */ = {isa = PBXFileReference; lastKnownFileType = sourcecode.swift; path = DataBaseMainBooks.swift; sourceTree = "<group>"; };
		F9F934F92485F21400BF7AA7 /* DataBaseManagerMainBooks.swift */ = {isa = PBXFileReference; lastKnownFileType = sourcecode.swift; path = DataBaseManagerMainBooks.swift; sourceTree = "<group>"; };
		FF36BAF969D04BE9BB741A1D /* Pods_Accountant_AccountantUITests.framework */ = {isa = PBXFileReference; explicitFileType = wrapper.framework; includeInIndex = 0; path = Pods_Accountant_AccountantUITests.framework; sourceTree = BUILT_PRODUCTS_DIR; };
/* End PBXFileReference section */

/* Begin PBXFrameworksBuildPhase section */
		F94EDD8C237AEB3A0074D812 /* Frameworks */ = {
			isa = PBXFrameworksBuildPhase;
			buildActionMask = 2147483647;
			files = (
				522318B0EE4F539BA11D8AFE /* Pods_Accountant.framework in Frameworks */,
			);
			runOnlyForDeploymentPostprocessing = 0;
		};
		F94EDDA4237AEB3B0074D812 /* Frameworks */ = {
			isa = PBXFrameworksBuildPhase;
			buildActionMask = 2147483647;
			files = (
				9BDB671CB0D8BBA854E16604 /* Pods_AccountantTests.framework in Frameworks */,
			);
			runOnlyForDeploymentPostprocessing = 0;
		};
		F94EDDAF237AEB3C0074D812 /* Frameworks */ = {
			isa = PBXFrameworksBuildPhase;
			buildActionMask = 2147483647;
			files = (
				F57BFBC12EF00163D781E050 /* Pods_Accountant_AccountantUITests.framework in Frameworks */,
			);
			runOnlyForDeploymentPostprocessing = 0;
		};
/* End PBXFrameworksBuildPhase section */

/* Begin PBXGroup section */
		E1E5AF283FD62A963E8A39BF /* Pods */ = {
			isa = PBXGroup;
			children = (
				84DA037E2BAF912127067D70 /* Pods-Accountant.debug.xcconfig */,
				0607E6C6A3527AD59D0F557D /* Pods-Accountant.release.xcconfig */,
				83B54E7192BB1D0790175288 /* Pods-Accountant-AccountantUITests.debug.xcconfig */,
				1F51C0A378B805DC283D9A49 /* Pods-Accountant-AccountantUITests.release.xcconfig */,
				3947D5A43F0563FFA12C14FA /* Pods-AccountantTests.debug.xcconfig */,
				E4E5E538AD3BB3474BDA9AF2 /* Pods-AccountantTests.release.xcconfig */,
			);
			path = Pods;
			sourceTree = "<group>";
		};
		F3D2BF7C1C8F3D6EA0FEFA88 /* Frameworks */ = {
			isa = PBXGroup;
			children = (
				47268BE9267E04BF5DFFF33F /* Pods_Accountant.framework */,
				FF36BAF969D04BE9BB741A1D /* Pods_Accountant_AccountantUITests.framework */,
				CBC6138EA740D75AAB1DD259 /* Pods_AccountantTests.framework */,
			);
			name = Frameworks;
			sourceTree = "<group>";
		};
		F9134C222476BBC1002A0F77 /* SettingsCategory */ = {
			isa = PBXGroup;
			children = (
				F9134C232476BC25002A0F77 /* TableViewControllerCategory.swift */,
				F9134C252476BCE6002A0F77 /* TableViewCellCategory.swift */,
				F9F934F52485EC6D00BF7AA7 /* SettingsCategoryDB */,
				F929C009247708470034FAAF /* MasterData */,
			);
			path = SettingsCategory;
			sourceTree = "<group>";
		};
		F929C009247708470034FAAF /* MasterData */ = {
			isa = PBXGroup;
			children = (
				F929C00A247708CF0034FAAF /* MasterData.swift */,
			);
			path = MasterData;
			sourceTree = "<group>";
		};
		F929C0252478365E0034FAAF /* Settings */ = {
			isa = PBXGroup;
			children = (
				F9789A332475C49B00B62CAF /* TableViewControllerSettings.swift */,
				F9789A352475CA8000B62CAF /* TableViewCellSettings.swift */,
			);
			name = Settings;
			sourceTree = "<group>";
		};
		F94EDD86237AEB3A0074D812 = {
			isa = PBXGroup;
			children = (
				F929C01F247773D40034FAAF /* MasterData.csv */,
				F929C01D247773B30034FAAF /* MasterData.realm */,
				F94EDD91237AEB3A0074D812 /* Accountant */,
				F94EDDAA237AEB3B0074D812 /* AccountantTests */,
				F94EDDB5237AEB3C0074D812 /* AccountantUITests */,
				F94EDD90237AEB3A0074D812 /* Products */,
				E1E5AF283FD62A963E8A39BF /* Pods */,
				F3D2BF7C1C8F3D6EA0FEFA88 /* Frameworks */,
			);
			sourceTree = "<group>";
			usesTabs = 0;
		};
		F94EDD90237AEB3A0074D812 /* Products */ = {
			isa = PBXGroup;
			children = (
				F94EDD8F237AEB3A0074D812 /* Accountant.app */,
				F94EDDA7237AEB3B0074D812 /* AccountantTests.xctest */,
				F94EDDB2237AEB3C0074D812 /* AccountantUITests.xctest */,
			);
			name = Products;
			sourceTree = "<group>";
		};
		F94EDD91237AEB3A0074D812 /* Accountant */ = {
			isa = PBXGroup;
			children = (
				F94EDD92237AEB3A0074D812 /* AppDelegate.swift */,
				F94EDD94237AEB3A0074D812 /* DocumentBrowserViewController.swift */,
				F94EDD96237AEB3A0074D812 /* DocumentView.swift */,
				F94EDD98237AEB3A0074D812 /* Document.swift */,
				F94EDD9F237AEB3B0074D812 /* LaunchScreen.storyboard */,
				F94EDD9A237AEB3A0074D812 /* Main.storyboard */,
				F94EDD9D237AEB3B0074D812 /* Assets.xcassets */,
				F94EDDA2237AEB3B0074D812 /* Info.plist */,
				F9F934ED2485574300BF7AA7 /* Initial */,
				F9812F9423F2E0410076AD48 /* AccountSettlement */,
				F9812F9323F2DEBF0076AD48 /* GeneralLedger */,
				F9812F9223F2DC2E0076AD48 /* Journals */,
				F9789A322475C41700B62CAF /* Settings */,
			);
			path = Accountant;
			sourceTree = "<group>";
		};
		F94EDDAA237AEB3B0074D812 /* AccountantTests */ = {
			isa = PBXGroup;
			children = (
				F94EDDAB237AEB3C0074D812 /* AccountantTests.swift */,
				F94EDDAD237AEB3C0074D812 /* Info.plist */,
			);
			path = AccountantTests;
			sourceTree = "<group>";
		};
		F94EDDB5237AEB3C0074D812 /* AccountantUITests */ = {
			isa = PBXGroup;
			children = (
				F94EDDB6237AEB3C0074D812 /* AccountantUITests.swift */,
				F94EDDB8237AEB3C0074D812 /* Info.plist */,
			);
			path = AccountantUITests;
			sourceTree = "<group>";
		};
		F9789A322475C41700B62CAF /* Settings */ = {
			isa = PBXGroup;
			children = (
				F929C0252478365E0034FAAF /* Settings */,
				F9134C222476BBC1002A0F77 /* SettingsCategory */,
				F9F934EA2485544B00BF7AA7 /* SettingPeriod */,
			);
			path = Settings;
			sourceTree = "<group>";
		};
		F9812F9223F2DC2E0076AD48 /* Journals */ = {
			isa = PBXGroup;
			children = (
				F99EDE0E246C00F500334FF4 /* Journals */,
				F99EDE0F246C012E00334FF4 /* JournalEntry */,
			);
			path = Journals;
			sourceTree = "<group>";
		};
		F9812F9323F2DEBF0076AD48 /* GeneralLedger */ = {
			isa = PBXGroup;
			children = (
				F9F934F02485CDB900BF7AA7 /* GeneralLedger */,
				F9D5D54B247E409400EA35C7 /* GenearlLedgerAccount */,
			);
			path = GeneralLedger;
			sourceTree = "<group>";
		};
		F9812F9423F2E0410076AD48 /* AccountSettlement */ = {
			isa = PBXGroup;
			children = (
			);
			path = AccountSettlement;
			sourceTree = "<group>";
		};
		F99EDE0E246C00F500334FF4 /* Journals */ = {
			isa = PBXGroup;
			children = (
				F9CF22E42424F46500572070 /* TableViewControllerJournalEntry.swift */,
				F9CF22E62425016E00572070 /* TableViewCell.swift */,
				F9F934F32485EC2300BF7AA7 /* JournalsDB */,
			);
			path = Journals;
			sourceTree = "<group>";
		};
		F99EDE0F246C012E00334FF4 /* JournalEntry */ = {
			isa = PBXGroup;
			children = (
				F92EA9372428B18100B721C3 /* ViewControllerJournalEntry.swift */,
				F9B81D512430877B00F01630 /* ViewControllerCategory.swift */,
				F9F934F42485EC3600BF7AA7 /* JournalEntryDB */,
			);
			path = JournalEntry;
			sourceTree = "<group>";
		};
		F9D5D54B247E409400EA35C7 /* GenearlLedgerAccount */ = {
			isa = PBXGroup;
			children = (
				F9D5D549247E408C00EA35C7 /* ViewControllerGenearlLedgerAccount.swift */,
				F9D5D543247E2E7900EA35C7 /* TableViewCellGeneralLedgerAccount.swift */,
				F9F934F12485EB5B00BF7AA7 /* GeneralLedgerAccountDB */,
			);
			name = GenearlLedgerAccount;
			sourceTree = "<group>";
		};
		F9F934EA2485544B00BF7AA7 /* SettingPeriod */ = {
			isa = PBXGroup;
			children = (
				F9F934EB248554DA00BF7AA7 /* TableViewControllerSettingsTerm.swift */,
			);
			path = SettingPeriod;
			sourceTree = "<group>";
		};
		F9F934ED2485574300BF7AA7 /* Initial */ = {
			isa = PBXGroup;
			children = (
				F9F934EE2485578900BF7AA7 /* Initial.swift */,
				F9F934F62485EDDE00BF7AA7 /* InitialDB */,
			);
			path = Initial;
			sourceTree = "<group>";
		};
		F9F934F02485CDB900BF7AA7 /* GeneralLedger */ = {
			isa = PBXGroup;
			children = (
				F9BF067C24289DC700C59031 /* TableViewControllerGeneralLedger.swift */,
				F9D5D54E247E783C00EA35C7 /* TableViewCellGeneralLedger.swift */,
				F9F934F22485EBBA00BF7AA7 /* GeneralLedgerDB */,
			);
			name = GeneralLedger;
			sourceTree = "<group>";
		};
		F9F934F12485EB5B00BF7AA7 /* GeneralLedgerAccountDB */ = {
			isa = PBXGroup;
			children = (
				F9D5D54C247E48D600EA35C7 /* DataBaseManagerAccount.swift */,
				F9F934E02484C40400BF7AA7 /* DataBaseAccount.swift */,
				F9E53C23247F9E6B007C2F66 /* GeneralLedgerAccountBalance.swift */,
			);
			name = GeneralLedgerAccountDB;
			sourceTree = "<group>";
		};
		F9F934F22485EBBA00BF7AA7 /* GeneralLedgerDB */ = {
			isa = PBXGroup;
			children = (
				F9F934E62484E79100BF7AA7 /* DataBaseManagerGeneralLedger.swift */,
				F9F934E82484E7BD00BF7AA7 /* DataBaseGeneralLedger.swift */,
			);
			name = GeneralLedgerDB;
			sourceTree = "<group>";
		};
		F9F934F32485EC2300BF7AA7 /* JournalsDB */ = {
			isa = PBXGroup;
			children = (
				F9F934E42484D59900BF7AA7 /* DataBaseManagerJournalEntryBook.swift */,
				F9F934E22484D53100BF7AA7 /* DataBaseJournalEntryBook.swift */,
			);
			path = JournalsDB;
			sourceTree = "<group>";
		};
		F9F934F42485EC3600BF7AA7 /* JournalEntryDB */ = {
			isa = PBXGroup;
			children = (
				F99EDE0C246C00B100334FF4 /* DataBaseManagerJournalEntry.swift */,
				F90114132412A02F009DBE2F /* DataBaseJournalEntry.swift */,
			);
			path = JournalEntryDB;
			sourceTree = "<group>";
		};
		F9F934F52485EC6D00BF7AA7 /* SettingsCategoryDB */ = {
			isa = PBXGroup;
			children = (
				F9134C272476E8CF002A0F77 /* DatabaseManagerSettingsCategory.swift */,
				F9134C292476E987002A0F77 /* DataBaseSettingsCategory.swift */,
			);
			path = SettingsCategoryDB;
			sourceTree = "<group>";
		};
		F9F934F62485EDDE00BF7AA7 /* InitialDB */ = {
			isa = PBXGroup;
			children = (
				F9F934F92485F21400BF7AA7 /* DataBaseManagerMainBooks.swift */,
				F9F934F72485EE3C00BF7AA7 /* DataBaseMainBooks.swift */,
			);
			path = InitialDB;
			sourceTree = "<group>";
		};
/* End PBXGroup section */

/* Begin PBXNativeTarget section */
		F94EDD8E237AEB3A0074D812 /* Accountant */ = {
			isa = PBXNativeTarget;
			buildConfigurationList = F94EDDBB237AEB3C0074D812 /* Build configuration list for PBXNativeTarget "Accountant" */;
			buildPhases = (
				828FA24E64D3395B5836D3CF /* [CP] Check Pods Manifest.lock */,
				F94EDD8B237AEB3A0074D812 /* Sources */,
				F94EDD8C237AEB3A0074D812 /* Frameworks */,
				F94EDD8D237AEB3A0074D812 /* Resources */,
				79E824EF775E8AB3AC9EFFDE /* [CP] Embed Pods Frameworks */,
			);
			buildRules = (
			);
			dependencies = (
			);
			name = Accountant;
			productName = Accountant;
			productReference = F94EDD8F237AEB3A0074D812 /* Accountant.app */;
			productType = "com.apple.product-type.application";
		};
		F94EDDA6237AEB3B0074D812 /* AccountantTests */ = {
			isa = PBXNativeTarget;
			buildConfigurationList = F94EDDBE237AEB3C0074D812 /* Build configuration list for PBXNativeTarget "AccountantTests" */;
			buildPhases = (
				3824B7B9BA656AD13B6800D9 /* [CP] Check Pods Manifest.lock */,
				F94EDDA3237AEB3B0074D812 /* Sources */,
				F94EDDA4237AEB3B0074D812 /* Frameworks */,
				F94EDDA5237AEB3B0074D812 /* Resources */,
			);
			buildRules = (
			);
			dependencies = (
				F94EDDA9237AEB3B0074D812 /* PBXTargetDependency */,
			);
			name = AccountantTests;
			productName = AccountantTests;
			productReference = F94EDDA7237AEB3B0074D812 /* AccountantTests.xctest */;
			productType = "com.apple.product-type.bundle.unit-test";
		};
		F94EDDB1237AEB3C0074D812 /* AccountantUITests */ = {
			isa = PBXNativeTarget;
			buildConfigurationList = F94EDDC1237AEB3C0074D812 /* Build configuration list for PBXNativeTarget "AccountantUITests" */;
			buildPhases = (
				C4F167957F695FF1C6921CE3 /* [CP] Check Pods Manifest.lock */,
				F94EDDAE237AEB3C0074D812 /* Sources */,
				F94EDDAF237AEB3C0074D812 /* Frameworks */,
				F94EDDB0237AEB3C0074D812 /* Resources */,
				212F3689F67AA74F3761F0C8 /* [CP] Embed Pods Frameworks */,
			);
			buildRules = (
			);
			dependencies = (
				F94EDDB4237AEB3C0074D812 /* PBXTargetDependency */,
			);
			name = AccountantUITests;
			productName = AccountantUITests;
			productReference = F94EDDB2237AEB3C0074D812 /* AccountantUITests.xctest */;
			productType = "com.apple.product-type.bundle.ui-testing";
		};
/* End PBXNativeTarget section */

/* Begin PBXProject section */
		F94EDD87237AEB3A0074D812 /* Project object */ = {
			isa = PBXProject;
			attributes = {
				LastSwiftUpdateCheck = 1110;
				LastUpgradeCheck = 1110;
				ORGANIZATIONNAME = "Hisashi Ishihara";
				TargetAttributes = {
					F94EDD8E237AEB3A0074D812 = {
						CreatedOnToolsVersion = 11.1;
					};
					F94EDDA6237AEB3B0074D812 = {
						CreatedOnToolsVersion = 11.1;
						TestTargetID = F94EDD8E237AEB3A0074D812;
					};
					F94EDDB1237AEB3C0074D812 = {
						CreatedOnToolsVersion = 11.1;
						TestTargetID = F94EDD8E237AEB3A0074D812;
					};
				};
			};
			buildConfigurationList = F94EDD8A237AEB3A0074D812 /* Build configuration list for PBXProject "Accountant" */;
			compatibilityVersion = "Xcode 9.3";
			developmentRegion = en;
			hasScannedForEncodings = 0;
			knownRegions = (
				en,
				Base,
			);
			mainGroup = F94EDD86237AEB3A0074D812;
			productRefGroup = F94EDD90237AEB3A0074D812 /* Products */;
			projectDirPath = "";
			projectRoot = "";
			targets = (
				F94EDD8E237AEB3A0074D812 /* Accountant */,
				F94EDDA6237AEB3B0074D812 /* AccountantTests */,
				F94EDDB1237AEB3C0074D812 /* AccountantUITests */,
			);
		};
/* End PBXProject section */

/* Begin PBXResourcesBuildPhase section */
		F94EDD8D237AEB3A0074D812 /* Resources */ = {
			isa = PBXResourcesBuildPhase;
			buildActionMask = 2147483647;
			files = (
				F929C020247773D40034FAAF /* MasterData.csv in Resources */,
				F929C01E247773B30034FAAF /* MasterData.realm in Resources */,
				F94EDDA1237AEB3B0074D812 /* LaunchScreen.storyboard in Resources */,
				F94EDD9E237AEB3B0074D812 /* Assets.xcassets in Resources */,
				F94EDD9C237AEB3A0074D812 /* Main.storyboard in Resources */,
			);
			runOnlyForDeploymentPostprocessing = 0;
		};
		F94EDDA5237AEB3B0074D812 /* Resources */ = {
			isa = PBXResourcesBuildPhase;
			buildActionMask = 2147483647;
			files = (
			);
			runOnlyForDeploymentPostprocessing = 0;
		};
		F94EDDB0237AEB3C0074D812 /* Resources */ = {
			isa = PBXResourcesBuildPhase;
			buildActionMask = 2147483647;
			files = (
			);
			runOnlyForDeploymentPostprocessing = 0;
		};
/* End PBXResourcesBuildPhase section */

/* Begin PBXShellScriptBuildPhase section */
		212F3689F67AA74F3761F0C8 /* [CP] Embed Pods Frameworks */ = {
			isa = PBXShellScriptBuildPhase;
			buildActionMask = 2147483647;
			files = (
			);
			inputFileListPaths = (
				"${PODS_ROOT}/Target Support Files/Pods-Accountant-AccountantUITests/Pods-Accountant-AccountantUITests-frameworks-${CONFIGURATION}-input-files.xcfilelist",
			);
			name = "[CP] Embed Pods Frameworks";
			outputFileListPaths = (
				"${PODS_ROOT}/Target Support Files/Pods-Accountant-AccountantUITests/Pods-Accountant-AccountantUITests-frameworks-${CONFIGURATION}-output-files.xcfilelist",
			);
			runOnlyForDeploymentPostprocessing = 0;
			shellPath = /bin/sh;
			shellScript = "\"${PODS_ROOT}/Target Support Files/Pods-Accountant-AccountantUITests/Pods-Accountant-AccountantUITests-frameworks.sh\"\n";
			showEnvVarsInLog = 0;
		};
		3824B7B9BA656AD13B6800D9 /* [CP] Check Pods Manifest.lock */ = {
			isa = PBXShellScriptBuildPhase;
			buildActionMask = 2147483647;
			files = (
			);
			inputFileListPaths = (
			);
			inputPaths = (
				"${PODS_PODFILE_DIR_PATH}/Podfile.lock",
				"${PODS_ROOT}/Manifest.lock",
			);
			name = "[CP] Check Pods Manifest.lock";
			outputFileListPaths = (
			);
			outputPaths = (
				"$(DERIVED_FILE_DIR)/Pods-AccountantTests-checkManifestLockResult.txt",
			);
			runOnlyForDeploymentPostprocessing = 0;
			shellPath = /bin/sh;
			shellScript = "diff \"${PODS_PODFILE_DIR_PATH}/Podfile.lock\" \"${PODS_ROOT}/Manifest.lock\" > /dev/null\nif [ $? != 0 ] ; then\n    # print error to STDERR\n    echo \"error: The sandbox is not in sync with the Podfile.lock. Run 'pod install' or update your CocoaPods installation.\" >&2\n    exit 1\nfi\n# This output is used by Xcode 'outputs' to avoid re-running this script phase.\necho \"SUCCESS\" > \"${SCRIPT_OUTPUT_FILE_0}\"\n";
			showEnvVarsInLog = 0;
		};
		79E824EF775E8AB3AC9EFFDE /* [CP] Embed Pods Frameworks */ = {
			isa = PBXShellScriptBuildPhase;
			buildActionMask = 2147483647;
			files = (
			);
			inputFileListPaths = (
				"${PODS_ROOT}/Target Support Files/Pods-Accountant/Pods-Accountant-frameworks-${CONFIGURATION}-input-files.xcfilelist",
			);
			name = "[CP] Embed Pods Frameworks";
			outputFileListPaths = (
				"${PODS_ROOT}/Target Support Files/Pods-Accountant/Pods-Accountant-frameworks-${CONFIGURATION}-output-files.xcfilelist",
			);
			runOnlyForDeploymentPostprocessing = 0;
			shellPath = /bin/sh;
			shellScript = "\"${PODS_ROOT}/Target Support Files/Pods-Accountant/Pods-Accountant-frameworks.sh\"\n";
			showEnvVarsInLog = 0;
		};
		828FA24E64D3395B5836D3CF /* [CP] Check Pods Manifest.lock */ = {
			isa = PBXShellScriptBuildPhase;
			buildActionMask = 2147483647;
			files = (
			);
			inputFileListPaths = (
			);
			inputPaths = (
				"${PODS_PODFILE_DIR_PATH}/Podfile.lock",
				"${PODS_ROOT}/Manifest.lock",
			);
			name = "[CP] Check Pods Manifest.lock";
			outputFileListPaths = (
			);
			outputPaths = (
				"$(DERIVED_FILE_DIR)/Pods-Accountant-checkManifestLockResult.txt",
			);
			runOnlyForDeploymentPostprocessing = 0;
			shellPath = /bin/sh;
			shellScript = "diff \"${PODS_PODFILE_DIR_PATH}/Podfile.lock\" \"${PODS_ROOT}/Manifest.lock\" > /dev/null\nif [ $? != 0 ] ; then\n    # print error to STDERR\n    echo \"error: The sandbox is not in sync with the Podfile.lock. Run 'pod install' or update your CocoaPods installation.\" >&2\n    exit 1\nfi\n# This output is used by Xcode 'outputs' to avoid re-running this script phase.\necho \"SUCCESS\" > \"${SCRIPT_OUTPUT_FILE_0}\"\n";
			showEnvVarsInLog = 0;
		};
		C4F167957F695FF1C6921CE3 /* [CP] Check Pods Manifest.lock */ = {
			isa = PBXShellScriptBuildPhase;
			buildActionMask = 2147483647;
			files = (
			);
			inputFileListPaths = (
			);
			inputPaths = (
				"${PODS_PODFILE_DIR_PATH}/Podfile.lock",
				"${PODS_ROOT}/Manifest.lock",
			);
			name = "[CP] Check Pods Manifest.lock";
			outputFileListPaths = (
			);
			outputPaths = (
				"$(DERIVED_FILE_DIR)/Pods-Accountant-AccountantUITests-checkManifestLockResult.txt",
			);
			runOnlyForDeploymentPostprocessing = 0;
			shellPath = /bin/sh;
			shellScript = "diff \"${PODS_PODFILE_DIR_PATH}/Podfile.lock\" \"${PODS_ROOT}/Manifest.lock\" > /dev/null\nif [ $? != 0 ] ; then\n    # print error to STDERR\n    echo \"error: The sandbox is not in sync with the Podfile.lock. Run 'pod install' or update your CocoaPods installation.\" >&2\n    exit 1\nfi\n# This output is used by Xcode 'outputs' to avoid re-running this script phase.\necho \"SUCCESS\" > \"${SCRIPT_OUTPUT_FILE_0}\"\n";
			showEnvVarsInLog = 0;
		};
/* End PBXShellScriptBuildPhase section */

/* Begin PBXSourcesBuildPhase section */
		F94EDD8B237AEB3A0074D812 /* Sources */ = {
			isa = PBXSourcesBuildPhase;
			buildActionMask = 2147483647;
			files = (
				F92EA9382428B18100B721C3 /* ViewControllerJournalEntry.swift in Sources */,
				F9134C242476BC25002A0F77 /* TableViewControllerCategory.swift in Sources */,
				F929C0232478361F0034FAAF /* DataBaseSettingsCategory.swift in Sources */,
				F94EDD99237AEB3A0074D812 /* Document.swift in Sources */,
				F9F934E92484E7BD00BF7AA7 /* DataBaseGeneralLedger.swift in Sources */,
				F9134C262476BCE6002A0F77 /* TableViewCellCategory.swift in Sources */,
				F9CF22E72425016E00572070 /* TableViewCell.swift in Sources */,
				F9F934EC248554DA00BF7AA7 /* TableViewControllerSettingsTerm.swift in Sources */,
				F94EDD95237AEB3A0074D812 /* DocumentBrowserViewController.swift in Sources */,
				F9CF22E52424F46500572070 /* TableViewControllerJournalEntry.swift in Sources */,
				F9D5D54D247E48D600EA35C7 /* DataBaseManagerAccount.swift in Sources */,
				F9BF067D24289DC700C59031 /* TableViewControllerGeneralLedger.swift in Sources */,
				F9F934FA2485F21400BF7AA7 /* DataBaseManagerMainBooks.swift in Sources */,
				F9D5D54F247E783C00EA35C7 /* TableViewCellGeneralLedger.swift in Sources */,
				F9B81D522430877B00F01630 /* ViewControllerCategory.swift in Sources */,
				F9F934E72484E79100BF7AA7 /* DataBaseManagerGeneralLedger.swift in Sources */,
				F9F934F82485EE3C00BF7AA7 /* DataBaseMainBooks.swift in Sources */,
				F929C00B247708CF0034FAAF /* MasterData.swift in Sources */,
				F9E53C24247F9E6B007C2F66 /* GeneralLedgerAccountBalance.swift in Sources */,
				F9789A342475C49B00B62CAF /* TableViewControllerSettings.swift in Sources */,
				F9D5D54A247E408C00EA35C7 /* ViewControllerGenearlLedgerAccount.swift in Sources */,
				F90114142412A02F009DBE2F /* DataBaseJournalEntry.swift in Sources */,
				F9F934EF2485578900BF7AA7 /* Initial.swift in Sources */,
				F9789A362475CA8000B62CAF /* TableViewCellSettings.swift in Sources */,
				F9F934E12484C40400BF7AA7 /* DataBaseAccount.swift in Sources */,
				F9F934E32484D53100BF7AA7 /* DataBaseJournalEntryBook.swift in Sources */,
				F94EDD97237AEB3A0074D812 /* DocumentView.swift in Sources */,
				F94EDD93237AEB3A0074D812 /* AppDelegate.swift in Sources */,
				F9F934E52484D59900BF7AA7 /* DataBaseManagerJournalEntryBook.swift in Sources */,
				F99EDE0D246C00B100334FF4 /* DataBaseManagerJournalEntry.swift in Sources */,
				F929C0242478361F0034FAAF /* DatabaseManagerSettingsCategory.swift in Sources */,
				F9D5D544247E2E7900EA35C7 /* TableViewCellGeneralLedgerAccount.swift in Sources */,
			);
			runOnlyForDeploymentPostprocessing = 0;
		};
		F94EDDA3237AEB3B0074D812 /* Sources */ = {
			isa = PBXSourcesBuildPhase;
			buildActionMask = 2147483647;
			files = (
				F94EDDAC237AEB3C0074D812 /* AccountantTests.swift in Sources */,
			);
			runOnlyForDeploymentPostprocessing = 0;
		};
		F94EDDAE237AEB3C0074D812 /* Sources */ = {
			isa = PBXSourcesBuildPhase;
			buildActionMask = 2147483647;
			files = (
				F94EDDB7237AEB3C0074D812 /* AccountantUITests.swift in Sources */,
			);
			runOnlyForDeploymentPostprocessing = 0;
		};
/* End PBXSourcesBuildPhase section */

/* Begin PBXTargetDependency section */
		F94EDDA9237AEB3B0074D812 /* PBXTargetDependency */ = {
			isa = PBXTargetDependency;
			target = F94EDD8E237AEB3A0074D812 /* Accountant */;
			targetProxy = F94EDDA8237AEB3B0074D812 /* PBXContainerItemProxy */;
		};
		F94EDDB4237AEB3C0074D812 /* PBXTargetDependency */ = {
			isa = PBXTargetDependency;
			target = F94EDD8E237AEB3A0074D812 /* Accountant */;
			targetProxy = F94EDDB3237AEB3C0074D812 /* PBXContainerItemProxy */;
		};
/* End PBXTargetDependency section */

/* Begin PBXVariantGroup section */
		F94EDD9A237AEB3A0074D812 /* Main.storyboard */ = {
			isa = PBXVariantGroup;
			children = (
				F94EDD9B237AEB3A0074D812 /* Base */,
			);
			name = Main.storyboard;
			sourceTree = "<group>";
		};
		F94EDD9F237AEB3B0074D812 /* LaunchScreen.storyboard */ = {
			isa = PBXVariantGroup;
			children = (
				F94EDDA0237AEB3B0074D812 /* Base */,
			);
			name = LaunchScreen.storyboard;
			sourceTree = "<group>";
		};
/* End PBXVariantGroup section */

/* Begin XCBuildConfiguration section */
		F94EDDB9237AEB3C0074D812 /* Debug */ = {
			isa = XCBuildConfiguration;
			buildSettings = {
				ALWAYS_SEARCH_USER_PATHS = NO;
				CLANG_ANALYZER_NONNULL = YES;
				CLANG_ANALYZER_NUMBER_OBJECT_CONVERSION = YES_AGGRESSIVE;
				CLANG_CXX_LANGUAGE_STANDARD = "gnu++14";
				CLANG_CXX_LIBRARY = "libc++";
				CLANG_ENABLE_MODULES = YES;
				CLANG_ENABLE_OBJC_ARC = YES;
				CLANG_ENABLE_OBJC_WEAK = YES;
				CLANG_WARN_BLOCK_CAPTURE_AUTORELEASING = YES;
				CLANG_WARN_BOOL_CONVERSION = YES;
				CLANG_WARN_COMMA = YES;
				CLANG_WARN_CONSTANT_CONVERSION = YES;
				CLANG_WARN_DEPRECATED_OBJC_IMPLEMENTATIONS = YES;
				CLANG_WARN_DIRECT_OBJC_ISA_USAGE = YES_ERROR;
				CLANG_WARN_DOCUMENTATION_COMMENTS = YES;
				CLANG_WARN_EMPTY_BODY = YES;
				CLANG_WARN_ENUM_CONVERSION = YES;
				CLANG_WARN_INFINITE_RECURSION = YES;
				CLANG_WARN_INT_CONVERSION = YES;
				CLANG_WARN_NON_LITERAL_NULL_CONVERSION = YES;
				CLANG_WARN_OBJC_IMPLICIT_RETAIN_SELF = YES;
				CLANG_WARN_OBJC_LITERAL_CONVERSION = YES;
				CLANG_WARN_OBJC_ROOT_CLASS = YES_ERROR;
				CLANG_WARN_RANGE_LOOP_ANALYSIS = YES;
				CLANG_WARN_STRICT_PROTOTYPES = YES;
				CLANG_WARN_SUSPICIOUS_MOVE = YES;
				CLANG_WARN_UNGUARDED_AVAILABILITY = YES_AGGRESSIVE;
				CLANG_WARN_UNREACHABLE_CODE = YES;
				CLANG_WARN__DUPLICATE_METHOD_MATCH = YES;
				COPY_PHASE_STRIP = NO;
				DEBUG_INFORMATION_FORMAT = dwarf;
				ENABLE_STRICT_OBJC_MSGSEND = YES;
				ENABLE_TESTABILITY = YES;
				GCC_C_LANGUAGE_STANDARD = gnu11;
				GCC_DYNAMIC_NO_PIC = NO;
				GCC_NO_COMMON_BLOCKS = YES;
				GCC_OPTIMIZATION_LEVEL = 0;
				GCC_PREPROCESSOR_DEFINITIONS = (
					"DEBUG=1",
					"$(inherited)",
				);
				GCC_WARN_64_TO_32_BIT_CONVERSION = YES;
				GCC_WARN_ABOUT_RETURN_TYPE = YES_ERROR;
				GCC_WARN_UNDECLARED_SELECTOR = YES;
				GCC_WARN_UNINITIALIZED_AUTOS = YES_AGGRESSIVE;
				GCC_WARN_UNUSED_FUNCTION = YES;
				GCC_WARN_UNUSED_VARIABLE = YES;
				IPHONEOS_DEPLOYMENT_TARGET = 13.1;
				MTL_ENABLE_DEBUG_INFO = INCLUDE_SOURCE;
				MTL_FAST_MATH = YES;
				ONLY_ACTIVE_ARCH = YES;
				SDKROOT = iphoneos;
				SWIFT_ACTIVE_COMPILATION_CONDITIONS = DEBUG;
				SWIFT_OPTIMIZATION_LEVEL = "-Onone";
				SWIFT_VERSION = 5.0;
			};
			name = Debug;
		};
		F94EDDBA237AEB3C0074D812 /* Release */ = {
			isa = XCBuildConfiguration;
			buildSettings = {
				ALWAYS_SEARCH_USER_PATHS = NO;
				CLANG_ANALYZER_NONNULL = YES;
				CLANG_ANALYZER_NUMBER_OBJECT_CONVERSION = YES_AGGRESSIVE;
				CLANG_CXX_LANGUAGE_STANDARD = "gnu++14";
				CLANG_CXX_LIBRARY = "libc++";
				CLANG_ENABLE_MODULES = YES;
				CLANG_ENABLE_OBJC_ARC = YES;
				CLANG_ENABLE_OBJC_WEAK = YES;
				CLANG_WARN_BLOCK_CAPTURE_AUTORELEASING = YES;
				CLANG_WARN_BOOL_CONVERSION = YES;
				CLANG_WARN_COMMA = YES;
				CLANG_WARN_CONSTANT_CONVERSION = YES;
				CLANG_WARN_DEPRECATED_OBJC_IMPLEMENTATIONS = YES;
				CLANG_WARN_DIRECT_OBJC_ISA_USAGE = YES_ERROR;
				CLANG_WARN_DOCUMENTATION_COMMENTS = YES;
				CLANG_WARN_EMPTY_BODY = YES;
				CLANG_WARN_ENUM_CONVERSION = YES;
				CLANG_WARN_INFINITE_RECURSION = YES;
				CLANG_WARN_INT_CONVERSION = YES;
				CLANG_WARN_NON_LITERAL_NULL_CONVERSION = YES;
				CLANG_WARN_OBJC_IMPLICIT_RETAIN_SELF = YES;
				CLANG_WARN_OBJC_LITERAL_CONVERSION = YES;
				CLANG_WARN_OBJC_ROOT_CLASS = YES_ERROR;
				CLANG_WARN_RANGE_LOOP_ANALYSIS = YES;
				CLANG_WARN_STRICT_PROTOTYPES = YES;
				CLANG_WARN_SUSPICIOUS_MOVE = YES;
				CLANG_WARN_UNGUARDED_AVAILABILITY = YES_AGGRESSIVE;
				CLANG_WARN_UNREACHABLE_CODE = YES;
				CLANG_WARN__DUPLICATE_METHOD_MATCH = YES;
				COPY_PHASE_STRIP = NO;
				DEBUG_INFORMATION_FORMAT = "dwarf-with-dsym";
				ENABLE_NS_ASSERTIONS = NO;
				ENABLE_STRICT_OBJC_MSGSEND = YES;
				GCC_C_LANGUAGE_STANDARD = gnu11;
				GCC_NO_COMMON_BLOCKS = YES;
				GCC_WARN_64_TO_32_BIT_CONVERSION = YES;
				GCC_WARN_ABOUT_RETURN_TYPE = YES_ERROR;
				GCC_WARN_UNDECLARED_SELECTOR = YES;
				GCC_WARN_UNINITIALIZED_AUTOS = YES_AGGRESSIVE;
				GCC_WARN_UNUSED_FUNCTION = YES;
				GCC_WARN_UNUSED_VARIABLE = YES;
				IPHONEOS_DEPLOYMENT_TARGET = 13.1;
				MTL_ENABLE_DEBUG_INFO = NO;
				MTL_FAST_MATH = YES;
				SDKROOT = iphoneos;
				SWIFT_COMPILATION_MODE = wholemodule;
				SWIFT_OPTIMIZATION_LEVEL = "-O";
				SWIFT_VERSION = 5.0;
				VALIDATE_PRODUCT = YES;
			};
			name = Release;
		};
		F94EDDBC237AEB3C0074D812 /* Debug */ = {
			isa = XCBuildConfiguration;
			baseConfigurationReference = 84DA037E2BAF912127067D70 /* Pods-Accountant.debug.xcconfig */;
			buildSettings = {
				ASSETCATALOG_COMPILER_APPICON_NAME = AppIcon;
				CODE_SIGN_STYLE = Automatic;
				DEVELOPMENT_TEAM = T526NZN54U;
				INFOPLIST_FILE = Accountant/Info.plist;
				IPHONEOS_DEPLOYMENT_TARGET = 13.0;
				LD_RUNPATH_SEARCH_PATHS = (
					"$(inherited)",
					"@executable_path/Frameworks",
				);
				PRODUCT_BUNDLE_IDENTIFIER = com.ikingdom.Accountant;
				PRODUCT_NAME = "$(TARGET_NAME)";
				SWIFT_VERSION = 5.0;
				TARGETED_DEVICE_FAMILY = "1,2";
			};
			name = Debug;
		};
		F94EDDBD237AEB3C0074D812 /* Release */ = {
			isa = XCBuildConfiguration;
			baseConfigurationReference = 0607E6C6A3527AD59D0F557D /* Pods-Accountant.release.xcconfig */;
			buildSettings = {
				ASSETCATALOG_COMPILER_APPICON_NAME = AppIcon;
				CODE_SIGN_STYLE = Automatic;
				DEVELOPMENT_TEAM = T526NZN54U;
				INFOPLIST_FILE = Accountant/Info.plist;
				IPHONEOS_DEPLOYMENT_TARGET = 13.0;
				LD_RUNPATH_SEARCH_PATHS = (
					"$(inherited)",
					"@executable_path/Frameworks",
				);
				PRODUCT_BUNDLE_IDENTIFIER = com.ikingdom.Accountant;
				PRODUCT_NAME = "$(TARGET_NAME)";
				SWIFT_VERSION = 5.0;
				TARGETED_DEVICE_FAMILY = "1,2";
			};
			name = Release;
		};
		F94EDDBF237AEB3C0074D812 /* Debug */ = {
			isa = XCBuildConfiguration;
			baseConfigurationReference = 3947D5A43F0563FFA12C14FA /* Pods-AccountantTests.debug.xcconfig */;
			buildSettings = {
				ALWAYS_EMBED_SWIFT_STANDARD_LIBRARIES = YES;
				BUNDLE_LOADER = "$(TEST_HOST)";
				CODE_SIGN_STYLE = Automatic;
				DEVELOPMENT_TEAM = T526NZN54U;
				INFOPLIST_FILE = AccountantTests/Info.plist;
				IPHONEOS_DEPLOYMENT_TARGET = 13.1;
				LD_RUNPATH_SEARCH_PATHS = (
					"$(inherited)",
					"@executable_path/Frameworks",
					"@loader_path/Frameworks",
				);
				PRODUCT_BUNDLE_IDENTIFIER = com.ikingdom.AccountantTests;
				PRODUCT_NAME = "$(TARGET_NAME)";
				SWIFT_VERSION = 5.0;
				TARGETED_DEVICE_FAMILY = "1,2";
				TEST_HOST = "$(BUILT_PRODUCTS_DIR)/Accountant.app/Accountant";
			};
			name = Debug;
		};
		F94EDDC0237AEB3C0074D812 /* Release */ = {
			isa = XCBuildConfiguration;
			baseConfigurationReference = E4E5E538AD3BB3474BDA9AF2 /* Pods-AccountantTests.release.xcconfig */;
			buildSettings = {
				ALWAYS_EMBED_SWIFT_STANDARD_LIBRARIES = YES;
				BUNDLE_LOADER = "$(TEST_HOST)";
				"CODE_SIGN_IDENTITY[sdk=macosx*]" = "Apple Development";
				CODE_SIGN_STYLE = Automatic;
				DEVELOPMENT_TEAM = T526NZN54U;
				INFOPLIST_FILE = AccountantTests/Info.plist;
				IPHONEOS_DEPLOYMENT_TARGET = 13.1;
				LD_RUNPATH_SEARCH_PATHS = (
					"$(inherited)",
					"@executable_path/Frameworks",
					"@loader_path/Frameworks",
				);
				PRODUCT_BUNDLE_IDENTIFIER = com.ikingdom.AccountantTests;
				PRODUCT_NAME = "$(TARGET_NAME)";
				SWIFT_VERSION = 5.0;
				TARGETED_DEVICE_FAMILY = "1,2";
				TEST_HOST = "$(BUILT_PRODUCTS_DIR)/Accountant.app/Accountant";
			};
			name = Release;
		};
		F94EDDC2237AEB3C0074D812 /* Debug */ = {
			isa = XCBuildConfiguration;
			baseConfigurationReference = 83B54E7192BB1D0790175288 /* Pods-Accountant-AccountantUITests.debug.xcconfig */;
			buildSettings = {
				ALWAYS_EMBED_SWIFT_STANDARD_LIBRARIES = YES;
				"CODE_SIGN_IDENTITY[sdk=macosx*]" = "Apple Development";
				CODE_SIGN_STYLE = Automatic;
				DEVELOPMENT_TEAM = T526NZN54U;
				INFOPLIST_FILE = AccountantUITests/Info.plist;
				LD_RUNPATH_SEARCH_PATHS = (
					"$(inherited)",
					"@executable_path/Frameworks",
					"@loader_path/Frameworks",
				);
				PRODUCT_BUNDLE_IDENTIFIER = com.ikingdom.AccountantUITests;
				PRODUCT_NAME = "$(TARGET_NAME)";
				SWIFT_VERSION = 5.0;
				TARGETED_DEVICE_FAMILY = "1,2";
				TEST_TARGET_NAME = Accountant;
			};
			name = Debug;
		};
		F94EDDC3237AEB3C0074D812 /* Release */ = {
			isa = XCBuildConfiguration;
			baseConfigurationReference = 1F51C0A378B805DC283D9A49 /* Pods-Accountant-AccountantUITests.release.xcconfig */;
			buildSettings = {
				ALWAYS_EMBED_SWIFT_STANDARD_LIBRARIES = YES;
				"CODE_SIGN_IDENTITY[sdk=macosx*]" = "Apple Development";
				CODE_SIGN_STYLE = Automatic;
				DEVELOPMENT_TEAM = T526NZN54U;
				INFOPLIST_FILE = AccountantUITests/Info.plist;
				LD_RUNPATH_SEARCH_PATHS = (
					"$(inherited)",
					"@executable_path/Frameworks",
					"@loader_path/Frameworks",
				);
				PRODUCT_BUNDLE_IDENTIFIER = com.ikingdom.AccountantUITests;
				PRODUCT_NAME = "$(TARGET_NAME)";
				SWIFT_VERSION = 5.0;
				TARGETED_DEVICE_FAMILY = "1,2";
				TEST_TARGET_NAME = Accountant;
			};
			name = Release;
		};
/* End XCBuildConfiguration section */

/* Begin XCConfigurationList section */
		F94EDD8A237AEB3A0074D812 /* Build configuration list for PBXProject "Accountant" */ = {
			isa = XCConfigurationList;
			buildConfigurations = (
				F94EDDB9237AEB3C0074D812 /* Debug */,
				F94EDDBA237AEB3C0074D812 /* Release */,
			);
			defaultConfigurationIsVisible = 0;
			defaultConfigurationName = Release;
		};
		F94EDDBB237AEB3C0074D812 /* Build configuration list for PBXNativeTarget "Accountant" */ = {
			isa = XCConfigurationList;
			buildConfigurations = (
				F94EDDBC237AEB3C0074D812 /* Debug */,
				F94EDDBD237AEB3C0074D812 /* Release */,
			);
			defaultConfigurationIsVisible = 0;
			defaultConfigurationName = Release;
		};
		F94EDDBE237AEB3C0074D812 /* Build configuration list for PBXNativeTarget "AccountantTests" */ = {
			isa = XCConfigurationList;
			buildConfigurations = (
				F94EDDBF237AEB3C0074D812 /* Debug */,
				F94EDDC0237AEB3C0074D812 /* Release */,
			);
			defaultConfigurationIsVisible = 0;
			defaultConfigurationName = Release;
		};
		F94EDDC1237AEB3C0074D812 /* Build configuration list for PBXNativeTarget "AccountantUITests" */ = {
			isa = XCConfigurationList;
			buildConfigurations = (
				F94EDDC2237AEB3C0074D812 /* Debug */,
				F94EDDC3237AEB3C0074D812 /* Release */,
			);
			defaultConfigurationIsVisible = 0;
			defaultConfigurationName = Release;
		};
/* End XCConfigurationList section */
	};
	rootObject = F94EDD87237AEB3A0074D812 /* Project object */;
}
