// !$*UTF8*$!
{
	archiveVersion = 1;
	classes = {
	};
	objectVersion = 51;
	objects = {

/* Begin PBXBuildFile section */
		68DD866761E39D509E265769 /* Pods_OSSLibraryTests.framework in Frameworks */ = {isa = PBXBuildFile; fileRef = C189DE4AF1D93F724C2231E6 /* Pods_OSSLibraryTests.framework */; };
		A27708DC02157169ACC41C83 /* Pods_OSSLibrary.framework in Frameworks */ = {isa = PBXBuildFile; fileRef = 05BF7FE301C5FFBB14EF18B5 /* Pods_OSSLibrary.framework */; };
		E14F77C912F57D98A11EA4A4 /* Pods_OSSLibrary_OSSLibraryUITests.framework in Frameworks */ = {isa = PBXBuildFile; fileRef = 2D51B2CBDF3D00442EB729B0 /* Pods_OSSLibrary_OSSLibraryUITests.framework */; };
		F93BF1622564F58A00CEC079 /* AppDelegate.swift in Sources */ = {isa = PBXBuildFile; fileRef = F93BF1612564F58A00CEC079 /* AppDelegate.swift */; };
		F93BF1642564F58A00CEC079 /* SceneDelegate.swift in Sources */ = {isa = PBXBuildFile; fileRef = F93BF1632564F58A00CEC079 /* SceneDelegate.swift */; };
		F93BF1662564F58A00CEC079 /* ViewController.swift in Sources */ = {isa = PBXBuildFile; fileRef = F93BF1652564F58A00CEC079 /* ViewController.swift */; };
		F93BF1692564F58A00CEC079 /* Main.storyboard in Resources */ = {isa = PBXBuildFile; fileRef = F93BF1672564F58A00CEC079 /* Main.storyboard */; };
		F93BF16B2564F58C00CEC079 /* Assets.xcassets in Resources */ = {isa = PBXBuildFile; fileRef = F93BF16A2564F58C00CEC079 /* Assets.xcassets */; };
		F93BF16E2564F58C00CEC079 /* LaunchScreen.storyboard in Resources */ = {isa = PBXBuildFile; fileRef = F93BF16C2564F58C00CEC079 /* LaunchScreen.storyboard */; };
		F93BF1792564F58C00CEC079 /* OSSLibraryTests.swift in Sources */ = {isa = PBXBuildFile; fileRef = F93BF1782564F58C00CEC079 /* OSSLibraryTests.swift */; };
		F93BF1842564F58C00CEC079 /* OSSLibraryUITests.swift in Sources */ = {isa = PBXBuildFile; fileRef = F93BF1832564F58C00CEC079 /* OSSLibraryUITests.swift */; };
		F9E620F32564FD0900C2C3B3 /* ViewControllerGecco.swift in Sources */ = {isa = PBXBuildFile; fileRef = F9E620F22564FD0900C2C3B3 /* ViewControllerGecco.swift */; };
		F9E620F7256501C500C2C3B3 /* AnnotationViewController.swift in Sources */ = {isa = PBXBuildFile; fileRef = F9E620F6256501C500C2C3B3 /* AnnotationViewController.swift */; };
		F9E620F92565070600C2C3B3 /* Main.storyboard in Resources */ = {isa = PBXBuildFile; fileRef = F9E620F82565070600C2C3B3 /* Main.storyboard */; };
/* End PBXBuildFile section */

/* Begin PBXContainerItemProxy section */
		F93BF1752564F58C00CEC079 /* PBXContainerItemProxy */ = {
			isa = PBXContainerItemProxy;
			containerPortal = F93BF1562564F58A00CEC079 /* Project object */;
			proxyType = 1;
			remoteGlobalIDString = F93BF15D2564F58A00CEC079;
			remoteInfo = OSSLibrary;
		};
		F93BF1802564F58C00CEC079 /* PBXContainerItemProxy */ = {
			isa = PBXContainerItemProxy;
			containerPortal = F93BF1562564F58A00CEC079 /* Project object */;
			proxyType = 1;
			remoteGlobalIDString = F93BF15D2564F58A00CEC079;
			remoteInfo = OSSLibrary;
		};
/* End PBXContainerItemProxy section */

/* Begin PBXFileReference section */
		05BF7FE301C5FFBB14EF18B5 /* Pods_OSSLibrary.framework */ = {isa = PBXFileReference; explicitFileType = wrapper.framework; includeInIndex = 0; path = Pods_OSSLibrary.framework; sourceTree = BUILT_PRODUCTS_DIR; };
		2B0971AF6D1C2B1476DD2CE1 /* Pods-OSSLibrary-OSSLibraryUITests.release.xcconfig */ = {isa = PBXFileReference; includeInIndex = 1; lastKnownFileType = text.xcconfig; name = "Pods-OSSLibrary-OSSLibraryUITests.release.xcconfig"; path = "Target Support Files/Pods-OSSLibrary-OSSLibraryUITests/Pods-OSSLibrary-OSSLibraryUITests.release.xcconfig"; sourceTree = "<group>"; };
		2D51B2CBDF3D00442EB729B0 /* Pods_OSSLibrary_OSSLibraryUITests.framework */ = {isa = PBXFileReference; explicitFileType = wrapper.framework; includeInIndex = 0; path = Pods_OSSLibrary_OSSLibraryUITests.framework; sourceTree = BUILT_PRODUCTS_DIR; };
		56E5353EFB9A49084C764EC3 /* Pods-OSSLibraryTests.debug.xcconfig */ = {isa = PBXFileReference; includeInIndex = 1; lastKnownFileType = text.xcconfig; name = "Pods-OSSLibraryTests.debug.xcconfig"; path = "Target Support Files/Pods-OSSLibraryTests/Pods-OSSLibraryTests.debug.xcconfig"; sourceTree = "<group>"; };
		8BE1B06F2036743A3C5CA68A /* Pods-OSSLibrary.release.xcconfig */ = {isa = PBXFileReference; includeInIndex = 1; lastKnownFileType = text.xcconfig; name = "Pods-OSSLibrary.release.xcconfig"; path = "Target Support Files/Pods-OSSLibrary/Pods-OSSLibrary.release.xcconfig"; sourceTree = "<group>"; };
		B49FA98DC512BDEE522CCCEB /* Pods-OSSLibrary.debug.xcconfig */ = {isa = PBXFileReference; includeInIndex = 1; lastKnownFileType = text.xcconfig; name = "Pods-OSSLibrary.debug.xcconfig"; path = "Target Support Files/Pods-OSSLibrary/Pods-OSSLibrary.debug.xcconfig"; sourceTree = "<group>"; };
		B8FC234A4BEF2FBAE2AA7103 /* Pods-OSSLibraryTests.release.xcconfig */ = {isa = PBXFileReference; includeInIndex = 1; lastKnownFileType = text.xcconfig; name = "Pods-OSSLibraryTests.release.xcconfig"; path = "Target Support Files/Pods-OSSLibraryTests/Pods-OSSLibraryTests.release.xcconfig"; sourceTree = "<group>"; };
		C189DE4AF1D93F724C2231E6 /* Pods_OSSLibraryTests.framework */ = {isa = PBXFileReference; explicitFileType = wrapper.framework; includeInIndex = 0; path = Pods_OSSLibraryTests.framework; sourceTree = BUILT_PRODUCTS_DIR; };
		D7EBE0B948F6E419F99B01A4 /* Pods-OSSLibrary-OSSLibraryUITests.debug.xcconfig */ = {isa = PBXFileReference; includeInIndex = 1; lastKnownFileType = text.xcconfig; name = "Pods-OSSLibrary-OSSLibraryUITests.debug.xcconfig"; path = "Target Support Files/Pods-OSSLibrary-OSSLibraryUITests/Pods-OSSLibrary-OSSLibraryUITests.debug.xcconfig"; sourceTree = "<group>"; };
		F93BF15E2564F58A00CEC079 /* OSSLibrary.app */ = {isa = PBXFileReference; explicitFileType = wrapper.application; includeInIndex = 0; path = OSSLibrary.app; sourceTree = BUILT_PRODUCTS_DIR; };
		F93BF1612564F58A00CEC079 /* AppDelegate.swift */ = {isa = PBXFileReference; lastKnownFileType = sourcecode.swift; path = AppDelegate.swift; sourceTree = "<group>"; };
		F93BF1632564F58A00CEC079 /* SceneDelegate.swift */ = {isa = PBXFileReference; lastKnownFileType = sourcecode.swift; path = SceneDelegate.swift; sourceTree = "<group>"; };
		F93BF1652564F58A00CEC079 /* ViewController.swift */ = {isa = PBXFileReference; lastKnownFileType = sourcecode.swift; path = ViewController.swift; sourceTree = "<group>"; };
		F93BF1682564F58A00CEC079 /* Base */ = {isa = PBXFileReference; lastKnownFileType = file.storyboard; name = Base; path = Base.lproj/Main.storyboard; sourceTree = "<group>"; };
		F93BF16A2564F58C00CEC079 /* Assets.xcassets */ = {isa = PBXFileReference; lastKnownFileType = folder.assetcatalog; path = Assets.xcassets; sourceTree = "<group>"; };
		F93BF16D2564F58C00CEC079 /* Base */ = {isa = PBXFileReference; lastKnownFileType = file.storyboard; name = Base; path = Base.lproj/LaunchScreen.storyboard; sourceTree = "<group>"; };
		F93BF16F2564F58C00CEC079 /* Info.plist */ = {isa = PBXFileReference; lastKnownFileType = text.plist.xml; path = Info.plist; sourceTree = "<group>"; };
		F93BF1742564F58C00CEC079 /* OSSLibraryTests.xctest */ = {isa = PBXFileReference; explicitFileType = wrapper.cfbundle; includeInIndex = 0; path = OSSLibraryTests.xctest; sourceTree = BUILT_PRODUCTS_DIR; };
		F93BF1782564F58C00CEC079 /* OSSLibraryTests.swift */ = {isa = PBXFileReference; lastKnownFileType = sourcecode.swift; path = OSSLibraryTests.swift; sourceTree = "<group>"; };
		F93BF17A2564F58C00CEC079 /* Info.plist */ = {isa = PBXFileReference; lastKnownFileType = text.plist.xml; path = Info.plist; sourceTree = "<group>"; };
		F93BF17F2564F58C00CEC079 /* OSSLibraryUITests.xctest */ = {isa = PBXFileReference; explicitFileType = wrapper.cfbundle; includeInIndex = 0; path = OSSLibraryUITests.xctest; sourceTree = BUILT_PRODUCTS_DIR; };
		F93BF1832564F58C00CEC079 /* OSSLibraryUITests.swift */ = {isa = PBXFileReference; lastKnownFileType = sourcecode.swift; path = OSSLibraryUITests.swift; sourceTree = "<group>"; };
		F93BF1852564F58C00CEC079 /* Info.plist */ = {isa = PBXFileReference; lastKnownFileType = text.plist.xml; path = Info.plist; sourceTree = "<group>"; };
		F9E620F02564FCA400C2C3B3 /* Gecco.framework */ = {isa = PBXFileReference; explicitFileType = wrapper.framework; path = Gecco.framework; sourceTree = BUILT_PRODUCTS_DIR; };
		F9E620F22564FD0900C2C3B3 /* ViewControllerGecco.swift */ = {isa = PBXFileReference; lastKnownFileType = sourcecode.swift; path = ViewControllerGecco.swift; sourceTree = "<group>"; };
		F9E620F42564FD4300C2C3B3 /* Gecco.framework */ = {isa = PBXFileReference; explicitFileType = wrapper.framework; path = Gecco.framework; sourceTree = BUILT_PRODUCTS_DIR; };
		F9E620F6256501C500C2C3B3 /* AnnotationViewController.swift */ = {isa = PBXFileReference; lastKnownFileType = sourcecode.swift; path = AnnotationViewController.swift; sourceTree = "<group>"; };
		F9E620F82565070600C2C3B3 /* Main.storyboard */ = {isa = PBXFileReference; lastKnownFileType = file.storyboard; path = Main.storyboard; sourceTree = "<group>"; };
/* End PBXFileReference section */

/* Begin PBXFrameworksBuildPhase section */
		F93BF15B2564F58A00CEC079 /* Frameworks */ = {
			isa = PBXFrameworksBuildPhase;
			buildActionMask = 2147483647;
			files = (
				A27708DC02157169ACC41C83 /* Pods_OSSLibrary.framework in Frameworks */,
			);
			runOnlyForDeploymentPostprocessing = 0;
		};
		F93BF1712564F58C00CEC079 /* Frameworks */ = {
			isa = PBXFrameworksBuildPhase;
			buildActionMask = 2147483647;
			files = (
				68DD866761E39D509E265769 /* Pods_OSSLibraryTests.framework in Frameworks */,
			);
			runOnlyForDeploymentPostprocessing = 0;
		};
		F93BF17C2564F58C00CEC079 /* Frameworks */ = {
			isa = PBXFrameworksBuildPhase;
			buildActionMask = 2147483647;
			files = (
				E14F77C912F57D98A11EA4A4 /* Pods_OSSLibrary_OSSLibraryUITests.framework in Frameworks */,
			);
			runOnlyForDeploymentPostprocessing = 0;
		};
/* End PBXFrameworksBuildPhase section */

/* Begin PBXGroup section */
		9D26017C3E98016AD601BCC2 /* Pods */ = {
			isa = PBXGroup;
			children = (
				B49FA98DC512BDEE522CCCEB /* Pods-OSSLibrary.debug.xcconfig */,
				8BE1B06F2036743A3C5CA68A /* Pods-OSSLibrary.release.xcconfig */,
				D7EBE0B948F6E419F99B01A4 /* Pods-OSSLibrary-OSSLibraryUITests.debug.xcconfig */,
				2B0971AF6D1C2B1476DD2CE1 /* Pods-OSSLibrary-OSSLibraryUITests.release.xcconfig */,
				56E5353EFB9A49084C764EC3 /* Pods-OSSLibraryTests.debug.xcconfig */,
				B8FC234A4BEF2FBAE2AA7103 /* Pods-OSSLibraryTests.release.xcconfig */,
			);
			path = Pods;
			sourceTree = "<group>";
		};
		AA631179F3541A2C4ADE81FF /* Frameworks */ = {
			isa = PBXGroup;
			children = (
				F9E620F42564FD4300C2C3B3 /* Gecco.framework */,
				F9E620F02564FCA400C2C3B3 /* Gecco.framework */,
				05BF7FE301C5FFBB14EF18B5 /* Pods_OSSLibrary.framework */,
				2D51B2CBDF3D00442EB729B0 /* Pods_OSSLibrary_OSSLibraryUITests.framework */,
				C189DE4AF1D93F724C2231E6 /* Pods_OSSLibraryTests.framework */,
			);
			name = Frameworks;
			sourceTree = "<group>";
		};
		F93BF1552564F58A00CEC079 = {
			isa = PBXGroup;
			children = (
				F93BF1602564F58A00CEC079 /* OSSLibrary */,
				F93BF1772564F58C00CEC079 /* OSSLibraryTests */,
				F93BF1822564F58C00CEC079 /* OSSLibraryUITests */,
				F93BF15F2564F58A00CEC079 /* Products */,
				9D26017C3E98016AD601BCC2 /* Pods */,
				AA631179F3541A2C4ADE81FF /* Frameworks */,
			);
			sourceTree = "<group>";
		};
		F93BF15F2564F58A00CEC079 /* Products */ = {
			isa = PBXGroup;
			children = (
				F93BF15E2564F58A00CEC079 /* OSSLibrary.app */,
				F93BF1742564F58C00CEC079 /* OSSLibraryTests.xctest */,
				F93BF17F2564F58C00CEC079 /* OSSLibraryUITests.xctest */,
			);
			name = Products;
			sourceTree = "<group>";
		};
		F93BF1602564F58A00CEC079 /* OSSLibrary */ = {
			isa = PBXGroup;
			children = (
				F93BF1612564F58A00CEC079 /* AppDelegate.swift */,
				F93BF1632564F58A00CEC079 /* SceneDelegate.swift */,
				F93BF1652564F58A00CEC079 /* ViewController.swift */,
				F93BF1672564F58A00CEC079 /* Main.storyboard */,
				F93BF16A2564F58C00CEC079 /* Assets.xcassets */,
				F93BF16C2564F58C00CEC079 /* LaunchScreen.storyboard */,
				F93BF16F2564F58C00CEC079 /* Info.plist */,
				F9E620ED2564FADE00C2C3B3 /* Gecco */,
			);
			path = OSSLibrary;
			sourceTree = "<group>";
		};
		F93BF1772564F58C00CEC079 /* OSSLibraryTests */ = {
			isa = PBXGroup;
			children = (
				F93BF1782564F58C00CEC079 /* OSSLibraryTests.swift */,
				F93BF17A2564F58C00CEC079 /* Info.plist */,
			);
			path = OSSLibraryTests;
			sourceTree = "<group>";
		};
		F93BF1822564F58C00CEC079 /* OSSLibraryUITests */ = {
			isa = PBXGroup;
			children = (
				F93BF1832564F58C00CEC079 /* OSSLibraryUITests.swift */,
				F93BF1852564F58C00CEC079 /* Info.plist */,
			);
			path = OSSLibraryUITests;
			sourceTree = "<group>";
		};
		F9E620ED2564FADE00C2C3B3 /* Gecco */ = {
			isa = PBXGroup;
			children = (
				F9E620F22564FD0900C2C3B3 /* ViewControllerGecco.swift */,
				F9E620F6256501C500C2C3B3 /* AnnotationViewController.swift */,
				F9E620F82565070600C2C3B3 /* Main.storyboard */,
			);
			path = Gecco;
			sourceTree = "<group>";
		};
/* End PBXGroup section */

/* Begin PBXNativeTarget section */
		F93BF15D2564F58A00CEC079 /* OSSLibrary */ = {
			isa = PBXNativeTarget;
			buildConfigurationList = F93BF1882564F58C00CEC079 /* Build configuration list for PBXNativeTarget "OSSLibrary" */;
			buildPhases = (
				679B120E9F8DE831F43F0FEF /* [CP] Check Pods Manifest.lock */,
				F93BF15A2564F58A00CEC079 /* Sources */,
				F93BF15B2564F58A00CEC079 /* Frameworks */,
				F93BF15C2564F58A00CEC079 /* Resources */,
				7CB1726FC2E027EDDA740258 /* [CP] Embed Pods Frameworks */,
			);
			buildRules = (
			);
			dependencies = (
			);
			name = OSSLibrary;
			productName = OSSLibrary;
			productReference = F93BF15E2564F58A00CEC079 /* OSSLibrary.app */;
			productType = "com.apple.product-type.application";
		};
		F93BF1732564F58C00CEC079 /* OSSLibraryTests */ = {
			isa = PBXNativeTarget;
			buildConfigurationList = F93BF18B2564F58C00CEC079 /* Build configuration list for PBXNativeTarget "OSSLibraryTests" */;
			buildPhases = (
				074941170132DC9FE80E872A /* [CP] Check Pods Manifest.lock */,
				F93BF1702564F58C00CEC079 /* Sources */,
				F93BF1712564F58C00CEC079 /* Frameworks */,
				F93BF1722564F58C00CEC079 /* Resources */,
			);
			buildRules = (
			);
			dependencies = (
				F93BF1762564F58C00CEC079 /* PBXTargetDependency */,
			);
			name = OSSLibraryTests;
			productName = OSSLibraryTests;
			productReference = F93BF1742564F58C00CEC079 /* OSSLibraryTests.xctest */;
			productType = "com.apple.product-type.bundle.unit-test";
		};
		F93BF17E2564F58C00CEC079 /* OSSLibraryUITests */ = {
			isa = PBXNativeTarget;
			buildConfigurationList = F93BF18E2564F58C00CEC079 /* Build configuration list for PBXNativeTarget "OSSLibraryUITests" */;
			buildPhases = (
				4B15DEB63B83206F9F9B749B /* [CP] Check Pods Manifest.lock */,
				F93BF17B2564F58C00CEC079 /* Sources */,
				F93BF17C2564F58C00CEC079 /* Frameworks */,
				F93BF17D2564F58C00CEC079 /* Resources */,
				F3728EE8BE64D8648BC6DFFA /* [CP] Embed Pods Frameworks */,
			);
			buildRules = (
			);
			dependencies = (
				F93BF1812564F58C00CEC079 /* PBXTargetDependency */,
			);
			name = OSSLibraryUITests;
			productName = OSSLibraryUITests;
			productReference = F93BF17F2564F58C00CEC079 /* OSSLibraryUITests.xctest */;
			productType = "com.apple.product-type.bundle.ui-testing";
		};
/* End PBXNativeTarget section */

/* Begin PBXProject section */
		F93BF1562564F58A00CEC079 /* Project object */ = {
			isa = PBXProject;
			attributes = {
				LastSwiftUpdateCheck = 1110;
				LastUpgradeCheck = 1110;
				ORGANIZATIONNAME = "Hisashi Ishihara";
				TargetAttributes = {
					F93BF15D2564F58A00CEC079 = {
						CreatedOnToolsVersion = 11.1;
					};
					F93BF1732564F58C00CEC079 = {
						CreatedOnToolsVersion = 11.1;
						TestTargetID = F93BF15D2564F58A00CEC079;
					};
					F93BF17E2564F58C00CEC079 = {
						CreatedOnToolsVersion = 11.1;
						TestTargetID = F93BF15D2564F58A00CEC079;
					};
				};
			};
			buildConfigurationList = F93BF1592564F58A00CEC079 /* Build configuration list for PBXProject "OSSLibrary" */;
			compatibilityVersion = "Xcode 9.3";
			developmentRegion = en;
			hasScannedForEncodings = 0;
			knownRegions = (
				en,
				Base,
			);
			mainGroup = F93BF1552564F58A00CEC079;
			productRefGroup = F93BF15F2564F58A00CEC079 /* Products */;
			projectDirPath = "";
			projectRoot = "";
			targets = (
				F93BF15D2564F58A00CEC079 /* OSSLibrary */,
				F93BF1732564F58C00CEC079 /* OSSLibraryTests */,
				F93BF17E2564F58C00CEC079 /* OSSLibraryUITests */,
			);
		};
/* End PBXProject section */

/* Begin PBXResourcesBuildPhase section */
		F93BF15C2564F58A00CEC079 /* Resources */ = {
			isa = PBXResourcesBuildPhase;
			buildActionMask = 2147483647;
			files = (
				F93BF16E2564F58C00CEC079 /* LaunchScreen.storyboard in Resources */,
				F93BF16B2564F58C00CEC079 /* Assets.xcassets in Resources */,
				F93BF1692564F58A00CEC079 /* Main.storyboard in Resources */,
				F9E620F92565070600C2C3B3 /* Main.storyboard in Resources */,
			);
			runOnlyForDeploymentPostprocessing = 0;
		};
		F93BF1722564F58C00CEC079 /* Resources */ = {
			isa = PBXResourcesBuildPhase;
			buildActionMask = 2147483647;
			files = (
			);
			runOnlyForDeploymentPostprocessing = 0;
		};
		F93BF17D2564F58C00CEC079 /* Resources */ = {
			isa = PBXResourcesBuildPhase;
			buildActionMask = 2147483647;
			files = (
			);
			runOnlyForDeploymentPostprocessing = 0;
		};
/* End PBXResourcesBuildPhase section */

/* Begin PBXShellScriptBuildPhase section */
		074941170132DC9FE80E872A /* [CP] Check Pods Manifest.lock */ = {
			isa = PBXShellScriptBuildPhase;
			buildActionMask = 2147483647;
			files = (
			);
			inputFileListPaths = (
			);
			inputPaths = (
				"${PODS_PODFILE_DIR_PATH}/Podfile.lock",
				"${PODS_ROOT}/Manifest.lock",
			);
			name = "[CP] Check Pods Manifest.lock";
			outputFileListPaths = (
			);
			outputPaths = (
				"$(DERIVED_FILE_DIR)/Pods-OSSLibraryTests-checkManifestLockResult.txt",
			);
			runOnlyForDeploymentPostprocessing = 0;
			shellPath = /bin/sh;
			shellScript = "diff \"${PODS_PODFILE_DIR_PATH}/Podfile.lock\" \"${PODS_ROOT}/Manifest.lock\" > /dev/null\nif [ $? != 0 ] ; then\n    # print error to STDERR\n    echo \"error: The sandbox is not in sync with the Podfile.lock. Run 'pod install' or update your CocoaPods installation.\" >&2\n    exit 1\nfi\n# This output is used by Xcode 'outputs' to avoid re-running this script phase.\necho \"SUCCESS\" > \"${SCRIPT_OUTPUT_FILE_0}\"\n";
			showEnvVarsInLog = 0;
		};
		4B15DEB63B83206F9F9B749B /* [CP] Check Pods Manifest.lock */ = {
			isa = PBXShellScriptBuildPhase;
			buildActionMask = 2147483647;
			files = (
			);
			inputFileListPaths = (
			);
			inputPaths = (
				"${PODS_PODFILE_DIR_PATH}/Podfile.lock",
				"${PODS_ROOT}/Manifest.lock",
			);
			name = "[CP] Check Pods Manifest.lock";
			outputFileListPaths = (
			);
			outputPaths = (
				"$(DERIVED_FILE_DIR)/Pods-OSSLibrary-OSSLibraryUITests-checkManifestLockResult.txt",
			);
			runOnlyForDeploymentPostprocessing = 0;
			shellPath = /bin/sh;
			shellScript = "diff \"${PODS_PODFILE_DIR_PATH}/Podfile.lock\" \"${PODS_ROOT}/Manifest.lock\" > /dev/null\nif [ $? != 0 ] ; then\n    # print error to STDERR\n    echo \"error: The sandbox is not in sync with the Podfile.lock. Run 'pod install' or update your CocoaPods installation.\" >&2\n    exit 1\nfi\n# This output is used by Xcode 'outputs' to avoid re-running this script phase.\necho \"SUCCESS\" > \"${SCRIPT_OUTPUT_FILE_0}\"\n";
			showEnvVarsInLog = 0;
		};
		679B120E9F8DE831F43F0FEF /* [CP] Check Pods Manifest.lock */ = {
			isa = PBXShellScriptBuildPhase;
			buildActionMask = 2147483647;
			files = (
			);
			inputFileListPaths = (
			);
			inputPaths = (
				"${PODS_PODFILE_DIR_PATH}/Podfile.lock",
				"${PODS_ROOT}/Manifest.lock",
			);
			name = "[CP] Check Pods Manifest.lock";
			outputFileListPaths = (
			);
			outputPaths = (
				"$(DERIVED_FILE_DIR)/Pods-OSSLibrary-checkManifestLockResult.txt",
			);
			runOnlyForDeploymentPostprocessing = 0;
			shellPath = /bin/sh;
			shellScript = "diff \"${PODS_PODFILE_DIR_PATH}/Podfile.lock\" \"${PODS_ROOT}/Manifest.lock\" > /dev/null\nif [ $? != 0 ] ; then\n    # print error to STDERR\n    echo \"error: The sandbox is not in sync with the Podfile.lock. Run 'pod install' or update your CocoaPods installation.\" >&2\n    exit 1\nfi\n# This output is used by Xcode 'outputs' to avoid re-running this script phase.\necho \"SUCCESS\" > \"${SCRIPT_OUTPUT_FILE_0}\"\n";
			showEnvVarsInLog = 0;
		};
		7CB1726FC2E027EDDA740258 /* [CP] Embed Pods Frameworks */ = {
			isa = PBXShellScriptBuildPhase;
			buildActionMask = 2147483647;
			files = (
			);
			inputFileListPaths = (
				"${PODS_ROOT}/Target Support Files/Pods-OSSLibrary/Pods-OSSLibrary-frameworks-${CONFIGURATION}-input-files.xcfilelist",
			);
			name = "[CP] Embed Pods Frameworks";
			outputFileListPaths = (
				"${PODS_ROOT}/Target Support Files/Pods-OSSLibrary/Pods-OSSLibrary-frameworks-${CONFIGURATION}-output-files.xcfilelist",
			);
			runOnlyForDeploymentPostprocessing = 0;
			shellPath = /bin/sh;
			shellScript = "\"${PODS_ROOT}/Target Support Files/Pods-OSSLibrary/Pods-OSSLibrary-frameworks.sh\"\n";
			showEnvVarsInLog = 0;
		};
		F3728EE8BE64D8648BC6DFFA /* [CP] Embed Pods Frameworks */ = {
			isa = PBXShellScriptBuildPhase;
			buildActionMask = 2147483647;
			files = (
			);
			inputFileListPaths = (
				"${PODS_ROOT}/Target Support Files/Pods-OSSLibrary-OSSLibraryUITests/Pods-OSSLibrary-OSSLibraryUITests-frameworks-${CONFIGURATION}-input-files.xcfilelist",
			);
			name = "[CP] Embed Pods Frameworks";
			outputFileListPaths = (
				"${PODS_ROOT}/Target Support Files/Pods-OSSLibrary-OSSLibraryUITests/Pods-OSSLibrary-OSSLibraryUITests-frameworks-${CONFIGURATION}-output-files.xcfilelist",
			);
			runOnlyForDeploymentPostprocessing = 0;
			shellPath = /bin/sh;
			shellScript = "\"${PODS_ROOT}/Target Support Files/Pods-OSSLibrary-OSSLibraryUITests/Pods-OSSLibrary-OSSLibraryUITests-frameworks.sh\"\n";
			showEnvVarsInLog = 0;
		};
/* End PBXShellScriptBuildPhase section */

/* Begin PBXSourcesBuildPhase section */
		F93BF15A2564F58A00CEC079 /* Sources */ = {
			isa = PBXSourcesBuildPhase;
			buildActionMask = 2147483647;
			files = (
				F93BF1662564F58A00CEC079 /* ViewController.swift in Sources */,
				F93BF1622564F58A00CEC079 /* AppDelegate.swift in Sources */,
				F9E620F7256501C500C2C3B3 /* AnnotationViewController.swift in Sources */,
				F93BF1642564F58A00CEC079 /* SceneDelegate.swift in Sources */,
				F9E620F32564FD0900C2C3B3 /* ViewControllerGecco.swift in Sources */,
			);
			runOnlyForDeploymentPostprocessing = 0;
		};
		F93BF1702564F58C00CEC079 /* Sources */ = {
			isa = PBXSourcesBuildPhase;
			buildActionMask = 2147483647;
			files = (
				F93BF1792564F58C00CEC079 /* OSSLibraryTests.swift in Sources */,
			);
			runOnlyForDeploymentPostprocessing = 0;
		};
		F93BF17B2564F58C00CEC079 /* Sources */ = {
			isa = PBXSourcesBuildPhase;
			buildActionMask = 2147483647;
			files = (
				F93BF1842564F58C00CEC079 /* OSSLibraryUITests.swift in Sources */,
			);
			runOnlyForDeploymentPostprocessing = 0;
		};
/* End PBXSourcesBuildPhase section */

/* Begin PBXTargetDependency section */
		F93BF1762564F58C00CEC079 /* PBXTargetDependency */ = {
			isa = PBXTargetDependency;
			target = F93BF15D2564F58A00CEC079 /* OSSLibrary */;
			targetProxy = F93BF1752564F58C00CEC079 /* PBXContainerItemProxy */;
		};
		F93BF1812564F58C00CEC079 /* PBXTargetDependency */ = {
			isa = PBXTargetDependency;
			target = F93BF15D2564F58A00CEC079 /* OSSLibrary */;
			targetProxy = F93BF1802564F58C00CEC079 /* PBXContainerItemProxy */;
		};
/* End PBXTargetDependency section */

/* Begin PBXVariantGroup section */
		F93BF1672564F58A00CEC079 /* Main.storyboard */ = {
			isa = PBXVariantGroup;
			children = (
				F93BF1682564F58A00CEC079 /* Base */,
			);
			name = Main.storyboard;
			sourceTree = "<group>";
		};
		F93BF16C2564F58C00CEC079 /* LaunchScreen.storyboard */ = {
			isa = PBXVariantGroup;
			children = (
				F93BF16D2564F58C00CEC079 /* Base */,
			);
			name = LaunchScreen.storyboard;
			sourceTree = "<group>";
		};
/* End PBXVariantGroup section */

/* Begin XCBuildConfiguration section */
		F93BF1862564F58C00CEC079 /* Debug */ = {
			isa = XCBuildConfiguration;
			buildSettings = {
				ALWAYS_SEARCH_USER_PATHS = NO;
				CLANG_ANALYZER_NONNULL = YES;
				CLANG_ANALYZER_NUMBER_OBJECT_CONVERSION = YES_AGGRESSIVE;
				CLANG_CXX_LANGUAGE_STANDARD = "gnu++14";
				CLANG_CXX_LIBRARY = "libc++";
				CLANG_ENABLE_MODULES = YES;
				CLANG_ENABLE_OBJC_ARC = YES;
				CLANG_ENABLE_OBJC_WEAK = YES;
				CLANG_WARN_BLOCK_CAPTURE_AUTORELEASING = YES;
				CLANG_WARN_BOOL_CONVERSION = YES;
				CLANG_WARN_COMMA = YES;
				CLANG_WARN_CONSTANT_CONVERSION = YES;
				CLANG_WARN_DEPRECATED_OBJC_IMPLEMENTATIONS = YES;
				CLANG_WARN_DIRECT_OBJC_ISA_USAGE = YES_ERROR;
				CLANG_WARN_DOCUMENTATION_COMMENTS = YES;
				CLANG_WARN_EMPTY_BODY = YES;
				CLANG_WARN_ENUM_CONVERSION = YES;
				CLANG_WARN_INFINITE_RECURSION = YES;
				CLANG_WARN_INT_CONVERSION = YES;
				CLANG_WARN_NON_LITERAL_NULL_CONVERSION = YES;
				CLANG_WARN_OBJC_IMPLICIT_RETAIN_SELF = YES;
				CLANG_WARN_OBJC_LITERAL_CONVERSION = YES;
				CLANG_WARN_OBJC_ROOT_CLASS = YES_ERROR;
				CLANG_WARN_RANGE_LOOP_ANALYSIS = YES;
				CLANG_WARN_STRICT_PROTOTYPES = YES;
				CLANG_WARN_SUSPICIOUS_MOVE = YES;
				CLANG_WARN_UNGUARDED_AVAILABILITY = YES_AGGRESSIVE;
				CLANG_WARN_UNREACHABLE_CODE = YES;
				CLANG_WARN__DUPLICATE_METHOD_MATCH = YES;
				COPY_PHASE_STRIP = NO;
				DEBUG_INFORMATION_FORMAT = dwarf;
				ENABLE_STRICT_OBJC_MSGSEND = YES;
				ENABLE_TESTABILITY = YES;
				GCC_C_LANGUAGE_STANDARD = gnu11;
				GCC_DYNAMIC_NO_PIC = NO;
				GCC_NO_COMMON_BLOCKS = YES;
				GCC_OPTIMIZATION_LEVEL = 0;
				GCC_PREPROCESSOR_DEFINITIONS = (
					"DEBUG=1",
					"$(inherited)",
				);
				GCC_WARN_64_TO_32_BIT_CONVERSION = YES;
				GCC_WARN_ABOUT_RETURN_TYPE = YES_ERROR;
				GCC_WARN_UNDECLARED_SELECTOR = YES;
				GCC_WARN_UNINITIALIZED_AUTOS = YES_AGGRESSIVE;
				GCC_WARN_UNUSED_FUNCTION = YES;
				GCC_WARN_UNUSED_VARIABLE = YES;
				IPHONEOS_DEPLOYMENT_TARGET = 13.1;
				MTL_ENABLE_DEBUG_INFO = INCLUDE_SOURCE;
				MTL_FAST_MATH = YES;
				ONLY_ACTIVE_ARCH = YES;
				SDKROOT = iphoneos;
				SWIFT_ACTIVE_COMPILATION_CONDITIONS = DEBUG;
				SWIFT_OPTIMIZATION_LEVEL = "-Onone";
			};
			name = Debug;
		};
		F93BF1872564F58C00CEC079 /* Release */ = {
			isa = XCBuildConfiguration;
			buildSettings = {
				ALWAYS_SEARCH_USER_PATHS = NO;
				CLANG_ANALYZER_NONNULL = YES;
				CLANG_ANALYZER_NUMBER_OBJECT_CONVERSION = YES_AGGRESSIVE;
				CLANG_CXX_LANGUAGE_STANDARD = "gnu++14";
				CLANG_CXX_LIBRARY = "libc++";
				CLANG_ENABLE_MODULES = YES;
				CLANG_ENABLE_OBJC_ARC = YES;
				CLANG_ENABLE_OBJC_WEAK = YES;
				CLANG_WARN_BLOCK_CAPTURE_AUTORELEASING = YES;
				CLANG_WARN_BOOL_CONVERSION = YES;
				CLANG_WARN_COMMA = YES;
				CLANG_WARN_CONSTANT_CONVERSION = YES;
				CLANG_WARN_DEPRECATED_OBJC_IMPLEMENTATIONS = YES;
				CLANG_WARN_DIRECT_OBJC_ISA_USAGE = YES_ERROR;
				CLANG_WARN_DOCUMENTATION_COMMENTS = YES;
				CLANG_WARN_EMPTY_BODY = YES;
				CLANG_WARN_ENUM_CONVERSION = YES;
				CLANG_WARN_INFINITE_RECURSION = YES;
				CLANG_WARN_INT_CONVERSION = YES;
				CLANG_WARN_NON_LITERAL_NULL_CONVERSION = YES;
				CLANG_WARN_OBJC_IMPLICIT_RETAIN_SELF = YES;
				CLANG_WARN_OBJC_LITERAL_CONVERSION = YES;
				CLANG_WARN_OBJC_ROOT_CLASS = YES_ERROR;
				CLANG_WARN_RANGE_LOOP_ANALYSIS = YES;
				CLANG_WARN_STRICT_PROTOTYPES = YES;
				CLANG_WARN_SUSPICIOUS_MOVE = YES;
				CLANG_WARN_UNGUARDED_AVAILABILITY = YES_AGGRESSIVE;
				CLANG_WARN_UNREACHABLE_CODE = YES;
				CLANG_WARN__DUPLICATE_METHOD_MATCH = YES;
				COPY_PHASE_STRIP = NO;
				DEBUG_INFORMATION_FORMAT = "dwarf-with-dsym";
				ENABLE_NS_ASSERTIONS = NO;
				ENABLE_STRICT_OBJC_MSGSEND = YES;
				GCC_C_LANGUAGE_STANDARD = gnu11;
				GCC_NO_COMMON_BLOCKS = YES;
				GCC_WARN_64_TO_32_BIT_CONVERSION = YES;
				GCC_WARN_ABOUT_RETURN_TYPE = YES_ERROR;
				GCC_WARN_UNDECLARED_SELECTOR = YES;
				GCC_WARN_UNINITIALIZED_AUTOS = YES_AGGRESSIVE;
				GCC_WARN_UNUSED_FUNCTION = YES;
				GCC_WARN_UNUSED_VARIABLE = YES;
				IPHONEOS_DEPLOYMENT_TARGET = 13.1;
				MTL_ENABLE_DEBUG_INFO = NO;
				MTL_FAST_MATH = YES;
				SDKROOT = iphoneos;
				SWIFT_COMPILATION_MODE = wholemodule;
				SWIFT_OPTIMIZATION_LEVEL = "-O";
				VALIDATE_PRODUCT = YES;
			};
			name = Release;
		};
		F93BF1892564F58C00CEC079 /* Debug */ = {
			isa = XCBuildConfiguration;
			baseConfigurationReference = B49FA98DC512BDEE522CCCEB /* Pods-OSSLibrary.debug.xcconfig */;
			buildSettings = {
				ASSETCATALOG_COMPILER_APPICON_NAME = AppIcon;
				CODE_SIGN_STYLE = Automatic;
				DEVELOPMENT_TEAM = T526NZN54U;
				INFOPLIST_FILE = OSSLibrary/Info.plist;
				LD_RUNPATH_SEARCH_PATHS = (
					"$(inherited)",
					"@executable_path/Frameworks",
				);
				PRODUCT_BUNDLE_IDENTIFIER = com.ikingdom.OSSLibrary;
				PRODUCT_NAME = "$(TARGET_NAME)";
				SWIFT_VERSION = 5.0;
				TARGETED_DEVICE_FAMILY = "1,2";
			};
			name = Debug;
		};
		F93BF18A2564F58C00CEC079 /* Release */ = {
			isa = XCBuildConfiguration;
			baseConfigurationReference = 8BE1B06F2036743A3C5CA68A /* Pods-OSSLibrary.release.xcconfig */;
			buildSettings = {
				ASSETCATALOG_COMPILER_APPICON_NAME = AppIcon;
				CODE_SIGN_STYLE = Automatic;
				DEVELOPMENT_TEAM = T526NZN54U;
				INFOPLIST_FILE = OSSLibrary/Info.plist;
				LD_RUNPATH_SEARCH_PATHS = (
					"$(inherited)",
					"@executable_path/Frameworks",
				);
				PRODUCT_BUNDLE_IDENTIFIER = com.ikingdom.OSSLibrary;
				PRODUCT_NAME = "$(TARGET_NAME)";
				SWIFT_VERSION = 5.0;
				TARGETED_DEVICE_FAMILY = "1,2";
			};
			name = Release;
		};
		F93BF18C2564F58C00CEC079 /* Debug */ = {
			isa = XCBuildConfiguration;
			baseConfigurationReference = 56E5353EFB9A49084C764EC3 /* Pods-OSSLibraryTests.debug.xcconfig */;
			buildSettings = {
				ALWAYS_EMBED_SWIFT_STANDARD_LIBRARIES = YES;
				BUNDLE_LOADER = "$(TEST_HOST)";
				CODE_SIGN_STYLE = Automatic;
				DEVELOPMENT_TEAM = T526NZN54U;
				INFOPLIST_FILE = OSSLibraryTests/Info.plist;
				IPHONEOS_DEPLOYMENT_TARGET = 13.1;
				LD_RUNPATH_SEARCH_PATHS = (
					"$(inherited)",
					"@executable_path/Frameworks",
					"@loader_path/Frameworks",
				);
				PRODUCT_BUNDLE_IDENTIFIER = com.ikingdom.OSSLibraryTests;
				PRODUCT_NAME = "$(TARGET_NAME)";
				SWIFT_VERSION = 5.0;
				TARGETED_DEVICE_FAMILY = "1,2";
				TEST_HOST = "$(BUILT_PRODUCTS_DIR)/OSSLibrary.app/OSSLibrary";
			};
			name = Debug;
		};
		F93BF18D2564F58C00CEC079 /* Release */ = {
			isa = XCBuildConfiguration;
			baseConfigurationReference = B8FC234A4BEF2FBAE2AA7103 /* Pods-OSSLibraryTests.release.xcconfig */;
			buildSettings = {
				ALWAYS_EMBED_SWIFT_STANDARD_LIBRARIES = YES;
				BUNDLE_LOADER = "$(TEST_HOST)";
				CODE_SIGN_STYLE = Automatic;
				DEVELOPMENT_TEAM = T526NZN54U;
				INFOPLIST_FILE = OSSLibraryTests/Info.plist;
				IPHONEOS_DEPLOYMENT_TARGET = 13.1;
				LD_RUNPATH_SEARCH_PATHS = (
					"$(inherited)",
					"@executable_path/Frameworks",
					"@loader_path/Frameworks",
				);
				PRODUCT_BUNDLE_IDENTIFIER = com.ikingdom.OSSLibraryTests;
				PRODUCT_NAME = "$(TARGET_NAME)";
				SWIFT_VERSION = 5.0;
				TARGETED_DEVICE_FAMILY = "1,2";
				TEST_HOST = "$(BUILT_PRODUCTS_DIR)/OSSLibrary.app/OSSLibrary";
			};
			name = Release;
		};
		F93BF18F2564F58C00CEC079 /* Debug */ = {
			isa = XCBuildConfiguration;
			baseConfigurationReference = D7EBE0B948F6E419F99B01A4 /* Pods-OSSLibrary-OSSLibraryUITests.debug.xcconfig */;
			buildSettings = {
				ALWAYS_EMBED_SWIFT_STANDARD_LIBRARIES = YES;
				CODE_SIGN_STYLE = Automatic;
				DEVELOPMENT_TEAM = T526NZN54U;
				INFOPLIST_FILE = OSSLibraryUITests/Info.plist;
				LD_RUNPATH_SEARCH_PATHS = (
					"$(inherited)",
					"@executable_path/Frameworks",
					"@loader_path/Frameworks",
				);
				PRODUCT_BUNDLE_IDENTIFIER = com.ikingdom.OSSLibraryUITests;
				PRODUCT_NAME = "$(TARGET_NAME)";
				SWIFT_VERSION = 5.0;
				TARGETED_DEVICE_FAMILY = "1,2";
				TEST_TARGET_NAME = OSSLibrary;
			};
			name = Debug;
		};
		F93BF1902564F58C00CEC079 /* Release */ = {
			isa = XCBuildConfiguration;
			baseConfigurationReference = 2B0971AF6D1C2B1476DD2CE1 /* Pods-OSSLibrary-OSSLibraryUITests.release.xcconfig */;
			buildSettings = {
				ALWAYS_EMBED_SWIFT_STANDARD_LIBRARIES = YES;
				CODE_SIGN_STYLE = Automatic;
				DEVELOPMENT_TEAM = T526NZN54U;
				INFOPLIST_FILE = OSSLibraryUITests/Info.plist;
				LD_RUNPATH_SEARCH_PATHS = (
					"$(inherited)",
					"@executable_path/Frameworks",
					"@loader_path/Frameworks",
				);
				PRODUCT_BUNDLE_IDENTIFIER = com.ikingdom.OSSLibraryUITests;
				PRODUCT_NAME = "$(TARGET_NAME)";
				SWIFT_VERSION = 5.0;
				TARGETED_DEVICE_FAMILY = "1,2";
				TEST_TARGET_NAME = OSSLibrary;
			};
			name = Release;
		};
/* End XCBuildConfiguration section */

/* Begin XCConfigurationList section */
		F93BF1592564F58A00CEC079 /* Build configuration list for PBXProject "OSSLibrary" */ = {
			isa = XCConfigurationList;
			buildConfigurations = (
				F93BF1862564F58C00CEC079 /* Debug */,
				F93BF1872564F58C00CEC079 /* Release */,
			);
			defaultConfigurationIsVisible = 0;
			defaultConfigurationName = Release;
		};
		F93BF1882564F58C00CEC079 /* Build configuration list for PBXNativeTarget "OSSLibrary" */ = {
			isa = XCConfigurationList;
			buildConfigurations = (
				F93BF1892564F58C00CEC079 /* Debug */,
				F93BF18A2564F58C00CEC079 /* Release */,
			);
			defaultConfigurationIsVisible = 0;
			defaultConfigurationName = Release;
		};
		F93BF18B2564F58C00CEC079 /* Build configuration list for PBXNativeTarget "OSSLibraryTests" */ = {
			isa = XCConfigurationList;
			buildConfigurations = (
				F93BF18C2564F58C00CEC079 /* Debug */,
				F93BF18D2564F58C00CEC079 /* Release */,
			);
			defaultConfigurationIsVisible = 0;
			defaultConfigurationName = Release;
		};
		F93BF18E2564F58C00CEC079 /* Build configuration list for PBXNativeTarget "OSSLibraryUITests" */ = {
			isa = XCConfigurationList;
			buildConfigurations = (
				F93BF18F2564F58C00CEC079 /* Debug */,
				F93BF1902564F58C00CEC079 /* Release */,
			);
			defaultConfigurationIsVisible = 0;
			defaultConfigurationName = Release;
		};
/* End XCConfigurationList section */
	};
	rootObject = F93BF1562564F58A00CEC079 /* Project object */;
}
